// !$*UTF8*$!
{
	archiveVersion = 1;
	classes = {
	};
	objectVersion = 46;
	objects = {

/* Begin PBXBuildFile section */
		1F383E201AF0577500626F78 /* WebViewController.swift in Sources */ = {isa = PBXBuildFile; fileRef = 1F383E1F1AF0577500626F78 /* WebViewController.swift */; };
		1F5856FA1AE96FE6002807BC /* AppDelegate.swift in Sources */ = {isa = PBXBuildFile; fileRef = 1F5856F91AE96FE6002807BC /* AppDelegate.swift */; };
		1F5856FF1AE96FE6002807BC /* Main.storyboard in Resources */ = {isa = PBXBuildFile; fileRef = 1F5856FD1AE96FE6002807BC /* Main.storyboard */; };
		1F5857011AE96FE6002807BC /* Images.xcassets in Resources */ = {isa = PBXBuildFile; fileRef = 1F5857001AE96FE6002807BC /* Images.xcassets */; };
		1F5857041AE96FE6002807BC /* LaunchScreen.xib in Resources */ = {isa = PBXBuildFile; fileRef = 1F5857021AE96FE6002807BC /* LaunchScreen.xib */; };
		1F5857101AE96FE7002807BC /* testingTests.swift in Sources */ = {isa = PBXBuildFile; fileRef = 1F58570F1AE96FE7002807BC /* testingTests.swift */; };
		1F58571A1AE970C8002807BC /* Story.swift in Sources */ = {isa = PBXBuildFile; fileRef = 1F5857191AE970C8002807BC /* Story.swift */; };
		1F58571C1AE970E9002807BC /* NewsStory.swift in Sources */ = {isa = PBXBuildFile; fileRef = 1F58571B1AE970E9002807BC /* NewsStory.swift */; };
		1F58571E1AE9719A002807BC /* StoryViewController.swift in Sources */ = {isa = PBXBuildFile; fileRef = 1F58571D1AE9719A002807BC /* StoryViewController.swift */; };
/* End PBXBuildFile section */

/* Begin PBXContainerItemProxy section */
		1F58570A1AE96FE7002807BC /* PBXContainerItemProxy */ = {
			isa = PBXContainerItemProxy;
			containerPortal = 1F5856EC1AE96FE6002807BC /* Project object */;
			proxyType = 1;
			remoteGlobalIDString = 1F5856F31AE96FE6002807BC;
			remoteInfo = testing;
		};
/* End PBXContainerItemProxy section */

/* Begin PBXFileReference section */
		1F383E1F1AF0577500626F78 /* WebViewController.swift */ = {isa = PBXFileReference; fileEncoding = 4; lastKnownFileType = sourcecode.swift; path = WebViewController.swift; sourceTree = "<group>"; };
		1F5856F41AE96FE6002807BC /* testing.app */ = {isa = PBXFileReference; explicitFileType = wrapper.application; includeInIndex = 0; path = testing.app; sourceTree = BUILT_PRODUCTS_DIR; };
		1F5856F81AE96FE6002807BC /* Info.plist */ = {isa = PBXFileReference; lastKnownFileType = text.plist.xml; path = Info.plist; sourceTree = "<group>"; };
		1F5856F91AE96FE6002807BC /* AppDelegate.swift */ = {isa = PBXFileReference; lastKnownFileType = sourcecode.swift; path = AppDelegate.swift; sourceTree = "<group>"; };
		1F5856FE1AE96FE6002807BC /* Base */ = {isa = PBXFileReference; lastKnownFileType = file.storyboard; name = Base; path = Base.lproj/Main.storyboard; sourceTree = "<group>"; };
		1F5857001AE96FE6002807BC /* Images.xcassets */ = {isa = PBXFileReference; lastKnownFileType = folder.assetcatalog; path = Images.xcassets; sourceTree = "<group>"; };
		1F5857031AE96FE6002807BC /* Base */ = {isa = PBXFileReference; lastKnownFileType = file.xib; name = Base; path = Base.lproj/LaunchScreen.xib; sourceTree = "<group>"; };
		1F5857091AE96FE7002807BC /* testingTests.xctest */ = {isa = PBXFileReference; explicitFileType = wrapper.cfbundle; includeInIndex = 0; path = testingTests.xctest; sourceTree = BUILT_PRODUCTS_DIR; };
		1F58570E1AE96FE7002807BC /* Info.plist */ = {isa = PBXFileReference; lastKnownFileType = text.plist.xml; path = Info.plist; sourceTree = "<group>"; };
		1F58570F1AE96FE7002807BC /* testingTests.swift */ = {isa = PBXFileReference; lastKnownFileType = sourcecode.swift; path = testingTests.swift; sourceTree = "<group>"; };
		1F5857191AE970C8002807BC /* Story.swift */ = {isa = PBXFileReference; fileEncoding = 4; lastKnownFileType = sourcecode.swift; path = Story.swift; sourceTree = "<group>"; };
		1F58571B1AE970E9002807BC /* NewsStory.swift */ = {isa = PBXFileReference; fileEncoding = 4; lastKnownFileType = sourcecode.swift; path = NewsStory.swift; sourceTree = "<group>"; };
		1F58571D1AE9719A002807BC /* StoryViewController.swift */ = {isa = PBXFileReference; fileEncoding = 4; lastKnownFileType = sourcecode.swift; path = StoryViewController.swift; sourceTree = "<group>"; };
/* End PBXFileReference section */

/* Begin PBXFrameworksBuildPhase section */
		1F5856F11AE96FE6002807BC /* Frameworks */ = {
			isa = PBXFrameworksBuildPhase;
			buildActionMask = 2147483647;
			files = (
			);
			runOnlyForDeploymentPostprocessing = 0;
		};
		1F5857061AE96FE7002807BC /* Frameworks */ = {
			isa = PBXFrameworksBuildPhase;
			buildActionMask = 2147483647;
			files = (
			);
			runOnlyForDeploymentPostprocessing = 0;
		};
/* End PBXFrameworksBuildPhase section */

/* Begin PBXGroup section */
		1F5856EB1AE96FE6002807BC = {
			isa = PBXGroup;
			children = (
				1F5856F61AE96FE6002807BC /* testing */,
				1F58570C1AE96FE7002807BC /* testingTests */,
				1F5856F51AE96FE6002807BC /* Products */,
			);
			sourceTree = "<group>";
		};
		1F5856F51AE96FE6002807BC /* Products */ = {
			isa = PBXGroup;
			children = (
				1F5856F41AE96FE6002807BC /* testing.app */,
				1F5857091AE96FE7002807BC /* testingTests.xctest */,
			);
			name = Products;
			sourceTree = "<group>";
		};
		1F5856F61AE96FE6002807BC /* testing */ = {
			isa = PBXGroup;
			children = (
				1F5856F91AE96FE6002807BC /* AppDelegate.swift */,
				1F5856FD1AE96FE6002807BC /* Main.storyboard */,
				1F5857001AE96FE6002807BC /* Images.xcassets */,
				1F5857021AE96FE6002807BC /* LaunchScreen.xib */,
				1F5856F71AE96FE6002807BC /* Supporting Files */,
				1F5857191AE970C8002807BC /* Story.swift */,
				1F383E1F1AF0577500626F78 /* WebViewController.swift */,
				1F58571B1AE970E9002807BC /* NewsStory.swift */,
				1F58571D1AE9719A002807BC /* StoryViewController.swift */,
			);
			path = testing;
			sourceTree = "<group>";
		};
		1F5856F71AE96FE6002807BC /* Supporting Files */ = {
			isa = PBXGroup;
			children = (
				1F5856F81AE96FE6002807BC /* Info.plist */,
			);
			name = "Supporting Files";
			sourceTree = "<group>";
		};
		1F58570C1AE96FE7002807BC /* testingTests */ = {
			isa = PBXGroup;
			children = (
				1F58570F1AE96FE7002807BC /* testingTests.swift */,
				1F58570D1AE96FE7002807BC /* Supporting Files */,
			);
			path = testingTests;
			sourceTree = "<group>";
		};
		1F58570D1AE96FE7002807BC /* Supporting Files */ = {
			isa = PBXGroup;
			children = (
				1F58570E1AE96FE7002807BC /* Info.plist */,
			);
			name = "Supporting Files";
			sourceTree = "<group>";
		};
/* End PBXGroup section */

/* Begin PBXNativeTarget section */
		1F5856F31AE96FE6002807BC /* testing */ = {
			isa = PBXNativeTarget;
			buildConfigurationList = 1F5857131AE96FE7002807BC /* Build configuration list for PBXNativeTarget "testing" */;
			buildPhases = (
				1F5856F01AE96FE6002807BC /* Sources */,
				1F5856F11AE96FE6002807BC /* Frameworks */,
				1F5856F21AE96FE6002807BC /* Resources */,
			);
			buildRules = (
			);
			dependencies = (
			);
			name = testing;
			productName = testing;
			productReference = 1F5856F41AE96FE6002807BC /* testing.app */;
			productType = "com.apple.product-type.application";
		};
		1F5857081AE96FE7002807BC /* testingTests */ = {
			isa = PBXNativeTarget;
			buildConfigurationList = 1F5857161AE96FE7002807BC /* Build configuration list for PBXNativeTarget "testingTests" */;
			buildPhases = (
				1F5857051AE96FE7002807BC /* Sources */,
				1F5857061AE96FE7002807BC /* Frameworks */,
				1F5857071AE96FE7002807BC /* Resources */,
			);
			buildRules = (
			);
			dependencies = (
				1F58570B1AE96FE7002807BC /* PBXTargetDependency */,
			);
			name = testingTests;
			productName = testingTests;
			productReference = 1F5857091AE96FE7002807BC /* testingTests.xctest */;
			productType = "com.apple.product-type.bundle.unit-test";
		};
/* End PBXNativeTarget section */

/* Begin PBXProject section */
		1F5856EC1AE96FE6002807BC /* Project object */ = {
			isa = PBXProject;
			attributes = {
				LastUpgradeCheck = 0630;
				ORGANIZATIONNAME = "Travis Henrichs";
				TargetAttributes = {
					1F5856F31AE96FE6002807BC = {
						CreatedOnToolsVersion = 6.3;
					};
					1F5857081AE96FE7002807BC = {
						CreatedOnToolsVersion = 6.3;
						TestTargetID = 1F5856F31AE96FE6002807BC;
					};
				};
			};
			buildConfigurationList = 1F5856EF1AE96FE6002807BC /* Build configuration list for PBXProject "testing" */;
			compatibilityVersion = "Xcode 3.2";
			developmentRegion = English;
			hasScannedForEncodings = 0;
			knownRegions = (
				en,
				Base,
			);
			mainGroup = 1F5856EB1AE96FE6002807BC;
			productRefGroup = 1F5856F51AE96FE6002807BC /* Products */;
			projectDirPath = "";
			projectRoot = "";
			targets = (
				1F5856F31AE96FE6002807BC /* testing */,
				1F5857081AE96FE7002807BC /* testingTests */,
			);
		};
/* End PBXProject section */

/* Begin PBXResourcesBuildPhase section */
		1F5856F21AE96FE6002807BC /* Resources */ = {
			isa = PBXResourcesBuildPhase;
			buildActionMask = 2147483647;
			files = (
				1F5856FF1AE96FE6002807BC /* Main.storyboard in Resources */,
				1F5857041AE96FE6002807BC /* LaunchScreen.xib in Resources */,
				1F5857011AE96FE6002807BC /* Images.xcassets in Resources */,
			);
			runOnlyForDeploymentPostprocessing = 0;
		};
		1F5857071AE96FE7002807BC /* Resources */ = {
			isa = PBXResourcesBuildPhase;
			buildActionMask = 2147483647;
			files = (
			);
			runOnlyForDeploymentPostprocessing = 0;
		};
/* End PBXResourcesBuildPhase section */

/* Begin PBXSourcesBuildPhase section */
		1F5856F01AE96FE6002807BC /* Sources */ = {
			isa = PBXSourcesBuildPhase;
			buildActionMask = 2147483647;
			files = (
				1F58571E1AE9719A002807BC /* StoryViewController.swift in Sources */,
				1F383E201AF0577500626F78 /* WebViewController.swift in Sources */,
				1F58571C1AE970E9002807BC /* NewsStory.swift in Sources */,
				1F5856FA1AE96FE6002807BC /* AppDelegate.swift in Sources */,
				1F58571A1AE970C8002807BC /* Story.swift in Sources */,
			);
			runOnlyForDeploymentPostprocessing = 0;
		};
		1F5857051AE96FE7002807BC /* Sources */ = {
			isa = PBXSourcesBuildPhase;
			buildActionMask = 2147483647;
			files = (
				1F5857101AE96FE7002807BC /* testingTests.swift in Sources */,
			);
			runOnlyForDeploymentPostprocessing = 0;
		};
/* End PBXSourcesBuildPhase section */

/* Begin PBXTargetDependency section */
		1F58570B1AE96FE7002807BC /* PBXTargetDependency */ = {
			isa = PBXTargetDependency;
			target = 1F5856F31AE96FE6002807BC /* testing */;
			targetProxy = 1F58570A1AE96FE7002807BC /* PBXContainerItemProxy */;
		};
/* End PBXTargetDependency section */

/* Begin PBXVariantGroup section */
		1F5856FD1AE96FE6002807BC /* Main.storyboard */ = {
			isa = PBXVariantGroup;
			children = (
				1F5856FE1AE96FE6002807BC /* Base */,
			);
			name = Main.storyboard;
			sourceTree = "<group>";
		};
		1F5857021AE96FE6002807BC /* LaunchScreen.xib */ = {
			isa = PBXVariantGroup;
			children = (
				1F5857031AE96FE6002807BC /* Base */,
			);
			name = LaunchScreen.xib;
			sourceTree = "<group>";
		};
/* End PBXVariantGroup section */

/* Begin XCBuildConfiguration section */
		1F5857111AE96FE7002807BC /* Debug */ = {
			isa = XCBuildConfiguration;
			buildSettings = {
				ALWAYS_SEARCH_USER_PATHS = NO;
				CLANG_CXX_LANGUAGE_STANDARD = "gnu++0x";
				CLANG_CXX_LIBRARY = "libc++";
				CLANG_ENABLE_MODULES = YES;
				CLANG_ENABLE_OBJC_ARC = YES;
				CLANG_WARN_BOOL_CONVERSION = YES;
				CLANG_WARN_CONSTANT_CONVERSION = YES;
				CLANG_WARN_DIRECT_OBJC_ISA_USAGE = YES_ERROR;
				CLANG_WARN_EMPTY_BODY = YES;
				CLANG_WARN_ENUM_CONVERSION = YES;
				CLANG_WARN_INT_CONVERSION = YES;
				CLANG_WARN_OBJC_ROOT_CLASS = YES_ERROR;
				CLANG_WARN_UNREACHABLE_CODE = YES;
				CLANG_WARN__DUPLICATE_METHOD_MATCH = YES;
				"CODE_SIGN_IDENTITY[sdk=iphoneos*]" = "iPhone Developer";
				COPY_PHASE_STRIP = NO;
				DEBUG_INFORMATION_FORMAT = "dwarf-with-dsym";
				ENABLE_STRICT_OBJC_MSGSEND = YES;
				GCC_C_LANGUAGE_STANDARD = gnu99;
				GCC_DYNAMIC_NO_PIC = NO;
				GCC_NO_COMMON_BLOCKS = YES;
				GCC_OPTIMIZATION_LEVEL = 0;
				GCC_PREPROCESSOR_DEFINITIONS = (
					"DEBUG=1",
					"$(inherited)",
				);
				GCC_SYMBOLS_PRIVATE_EXTERN = NO;
				GCC_WARN_64_TO_32_BIT_CONVERSION = YES;
				GCC_WARN_ABOUT_RETURN_TYPE = YES_ERROR;
				GCC_WARN_UNDECLARED_SELECTOR = YES;
				GCC_WARN_UNINITIALIZED_AUTOS = YES_AGGRESSIVE;
				GCC_WARN_UNUSED_FUNCTION = YES;
				GCC_WARN_UNUSED_VARIABLE = YES;
				IPHONEOS_DEPLOYMENT_TARGET = 8.3;
				MTL_ENABLE_DEBUG_INFO = YES;
				ONLY_ACTIVE_ARCH = YES;
				SDKROOT = iphoneos;
				SWIFT_OPTIMIZATION_LEVEL = "-Onone";
				TARGETED_DEVICE_FAMILY = "1,2";
			};
			name = Debug;
		};
		1F5857121AE96FE7002807BC /* Release */ = {
			isa = XCBuildConfiguration;
			buildSettings = {
				ALWAYS_SEARCH_USER_PATHS = NO;
				CLANG_CXX_LANGUAGE_STANDARD = "gnu++0x";
				CLANG_CXX_LIBRARY = "libc++";
				CLANG_ENABLE_MODULES = YES;
				CLANG_ENABLE_OBJC_ARC = YES;
				CLANG_WARN_BOOL_CONVERSION = YES;
				CLANG_WARN_CONSTANT_CONVERSION = YES;
				CLANG_WARN_DIRECT_OBJC_ISA_USAGE = YES_ERROR;
				CLANG_WARN_EMPTY_BODY = YES;
				CLANG_WARN_ENUM_CONVERSION = YES;
				CLANG_WARN_INT_CONVERSION = YES;
				CLANG_WARN_OBJC_ROOT_CLASS = YES_ERROR;
				CLANG_WARN_UNREACHABLE_CODE = YES;
				CLANG_WARN__DUPLICATE_METHOD_MATCH = YES;
				"CODE_SIGN_IDENTITY[sdk=iphoneos*]" = "iPhone Developer";
				COPY_PHASE_STRIP = NO;
				DEBUG_INFORMATION_FORMAT = "dwarf-with-dsym";
				ENABLE_NS_ASSERTIONS = NO;
				ENABLE_STRICT_OBJC_MSGSEND = YES;
				GCC_C_LANGUAGE_STANDARD = gnu99;
				GCC_NO_COMMON_BLOCKS = YES;
				GCC_WARN_64_TO_32_BIT_CONVERSION = YES;
				GCC_WARN_ABOUT_RETURN_TYPE = YES_ERROR;
				GCC_WARN_UNDECLARED_SELECTOR = YES;
				GCC_WARN_UNINITIALIZED_AUTOS = YES_AGGRESSIVE;
				GCC_WARN_UNUSED_FUNCTION = YES;
				GCC_WARN_UNUSED_VARIABLE = YES;
				IPHONEOS_DEPLOYMENT_TARGET = 8.3;
				MTL_ENABLE_DEBUG_INFO = NO;
				SDKROOT = iphoneos;
				TARGETED_DEVICE_FAMILY = "1,2";
				VALIDATE_PRODUCT = YES;
			};
			name = Release;
		};
		1F5857141AE96FE7002807BC /* Debug */ = {
			isa = XCBuildConfiguration;
			buildSettings = {
				ASSETCATALOG_COMPILER_APPICON_NAME = AppIcon;
				INFOPLIST_FILE = testing/Info.plist;
				LD_RUNPATH_SEARCH_PATHS = "$(inherited) @executable_path/Frameworks";
				PRODUCT_NAME = "$(TARGET_NAME)";
			};
			name = Debug;
		};
		1F5857151AE96FE7002807BC /* Release */ = {
			isa = XCBuildConfiguration;
			buildSettings = {
				ASSETCATALOG_COMPILER_APPICON_NAME = AppIcon;
				INFOPLIST_FILE = testing/Info.plist;
				LD_RUNPATH_SEARCH_PATHS = "$(inherited) @executable_path/Frameworks";
				PRODUCT_NAME = "$(TARGET_NAME)";
			};
			name = Release;
		};
		1F5857171AE96FE7002807BC /* Debug */ = {
			isa = XCBuildConfiguration;
			buildSettings = {
				BUNDLE_LOADER = "$(TEST_HOST)";
				FRAMEWORK_SEARCH_PATHS = (
					"$(SDKROOT)/Developer/Library/Frameworks",
					"$(inherited)",
				);
				GCC_PREPROCESSOR_DEFINITIONS = (
					"DEBUG=1",
					"$(inherited)",
				);
				INFOPLIST_FILE = testingTests/Info.plist;
				LD_RUNPATH_SEARCH_PATHS = "$(inherited) @executable_path/Frameworks @loader_path/Frameworks";
				PRODUCT_NAME = "$(TARGET_NAME)";
				TEST_HOST = "$(BUILT_PRODUCTS_DIR)/testing.app/testing";
			};
			name = Debug;
		};
		1F5857181AE96FE7002807BC /* Release */ = {
			isa = XCBuildConfiguration;
			buildSettings = {
				BUNDLE_LOADER = "$(TEST_HOST)";
				FRAMEWORK_SEARCH_PATHS = (
					"$(SDKROOT)/Developer/Library/Frameworks",
					"$(inherited)",
				);
				INFOPLIST_FILE = testingTests/Info.plist;
				LD_RUNPATH_SEARCH_PATHS = "$(inherited) @executable_path/Frameworks @loader_path/Frameworks";
				PRODUCT_NAME = "$(TARGET_NAME)";
				TEST_HOST = "$(BUILT_PRODUCTS_DIR)/testing.app/testing";
			};
			name = Release;
		};
/* End XCBuildConfiguration section */

/* Begin XCConfigurationList section */
		1F5856EF1AE96FE6002807BC /* Build configuration list for PBXProject "testing" */ = {
			isa = XCConfigurationList;
			buildConfigurations = (
				1F5857111AE96FE7002807BC /* Debug */,
				1F5857121AE96FE7002807BC /* Release */,
			);
			defaultConfigurationIsVisible = 0;
			defaultConfigurationName = Release;
		};
		1F5857131AE96FE7002807BC /* Build configuration list for PBXNativeTarget "testing" */ = {
			isa = XCConfigurationList;
			buildConfigurations = (
				1F5857141AE96FE7002807BC /* Debug */,
				1F5857151AE96FE7002807BC /* Release */,
			);
			defaultConfigurationIsVisible = 0;
			defaultConfigurationName = Release;
		};
		1F5857161AE96FE7002807BC /* Build configuration list for PBXNativeTarget "testingTests" */ = {
			isa = XCConfigurationList;
			buildConfigurations = (
				1F5857171AE96FE7002807BC /* Debug */,
				1F5857181AE96FE7002807BC /* Release */,
			);
			defaultConfigurationIsVisible = 0;
			defaultConfigurationName = Release;
		};
/* End XCConfigurationList section */
	};
	rootObject = 1F5856EC1AE96FE6002807BC /* Project object */;
}
