// !$*UTF8*$!
{
	archiveVersion = 1;
	classes = {
	};
	objectVersion = 46;
	objects = {

/* Begin PBXBuildFile section */
		1F06BA331AE6C2AB00EFE1EA /* Default-568h@2x.png in Resources */ = {isa = PBXBuildFile; fileRef = 1F06BA321AE6C2AB00EFE1EA /* Default-568h@2x.png */; };
		1F2E56B21ADC958000C11B19 /* NewsStories.swift in Sources */ = {isa = PBXBuildFile; fileRef = 1F2E56B11ADC958000C11B19 /* NewsStories.swift */; };
		1F2E56B41ADC966600C11B19 /* Story.swift in Sources */ = {isa = PBXBuildFile; fileRef = 1F2E56B31ADC966600C11B19 /* Story.swift */; };
		1FA855F81AD73F5400A2A2A7 /* AppDelegate.swift in Sources */ = {isa = PBXBuildFile; fileRef = 1FA855F71AD73F5400A2A2A7 /* AppDelegate.swift */; };
		1FA855FD1AD73F5400A2A2A7 /* Main.storyboard in Resources */ = {isa = PBXBuildFile; fileRef = 1FA855FB1AD73F5400A2A2A7 /* Main.storyboard */; };
		1FA855FF1AD73F5400A2A2A7 /* Images.xcassets in Resources */ = {isa = PBXBuildFile; fileRef = 1FA855FE1AD73F5400A2A2A7 /* Images.xcassets */; };
		1FA856021AD73F5400A2A2A7 /* LaunchScreen.xib in Resources */ = {isa = PBXBuildFile; fileRef = 1FA856001AD73F5400A2A2A7 /* LaunchScreen.xib */; };
		1FA8560E1AD73F5400A2A2A7 /* PressBadgeTests.swift in Sources */ = {isa = PBXBuildFile; fileRef = 1FA8560D1AD73F5400A2A2A7 /* PressBadgeTests.swift */; };
		1FA856181AD7464500A2A2A7 /* StatusViewController.swift in Sources */ = {isa = PBXBuildFile; fileRef = 1FA856171AD7464500A2A2A7 /* StatusViewController.swift */; };
		1FA8561A1AD7468A00A2A2A7 /* ArticleViewController.swift in Sources */ = {isa = PBXBuildFile; fileRef = 1FA856191AD7468A00A2A2A7 /* ArticleViewController.swift */; };
		1FA8561C1AD746DA00A2A2A7 /* BadgeViewController.swift in Sources */ = {isa = PBXBuildFile; fileRef = 1FA8561B1AD746DA00A2A2A7 /* BadgeViewController.swift */; };
		1FA8561E1AD746E600A2A2A7 /* StoryViewController.swift in Sources */ = {isa = PBXBuildFile; fileRef = 1FA8561D1AD746E600A2A2A7 /* StoryViewController.swift */; };
		53BA31A81ADC86FE004BF0CB /* database.swift in Sources */ = {isa = PBXBuildFile; fileRef = 53BA31A71ADC86FE004BF0CB /* database.swift */; };
		C4C6282F1AE0980700290530 /* Default-568h@2x.png in Resources */ = {isa = PBXBuildFile; fileRef = C4C6282E1AE0980700290530 /* Default-568h@2x.png */; };
		C4C6284A1AE09C6900290530 /* Life1badge.png in Resources */ = {isa = PBXBuildFile; fileRef = C4C628301AE09C6900290530 /* Life1badge.png */; };
		C4C6284B1AE09C6900290530 /* Life2badge.png in Resources */ = {isa = PBXBuildFile; fileRef = C4C628311AE09C6900290530 /* Life2badge.png */; };
		C4C6284C1AE09C6900290530 /* Life3badge.png in Resources */ = {isa = PBXBuildFile; fileRef = C4C628321AE09C6900290530 /* Life3badge.png */; };
		C4C6284D1AE09C6900290530 /* Life4badge.png in Resources */ = {isa = PBXBuildFile; fileRef = C4C628331AE09C6900290530 /* Life4badge.png */; };
		C4C6284E1AE09C6900290530 /* Life5badge.png in Resources */ = {isa = PBXBuildFile; fileRef = C4C628341AE09C6900290530 /* Life5badge.png */; };
		C4C6284F1AE09C6900290530 /* Local1badge.png in Resources */ = {isa = PBXBuildFile; fileRef = C4C628351AE09C6900290530 /* Local1badge.png */; };
		C4C628501AE09C6900290530 /* Local2badge.png in Resources */ = {isa = PBXBuildFile; fileRef = C4C628361AE09C6900290530 /* Local2badge.png */; };
		C4C628511AE09C6900290530 /* Local3badge.png in Resources */ = {isa = PBXBuildFile; fileRef = C4C628371AE09C6900290530 /* Local3badge.png */; };
		C4C628521AE09C6900290530 /* Local4badge.png in Resources */ = {isa = PBXBuildFile; fileRef = C4C628381AE09C6900290530 /* Local4badge.png */; };
		C4C628531AE09C6900290530 /* Local5badge.png in Resources */ = {isa = PBXBuildFile; fileRef = C4C628391AE09C6900290530 /* Local5badge.png */; };
		C4C628541AE09C6900290530 /* Politics1badge.png in Resources */ = {isa = PBXBuildFile; fileRef = C4C6283A1AE09C6900290530 /* Politics1badge.png */; };
		C4C628551AE09C6900290530 /* Politics2badge.png in Resources */ = {isa = PBXBuildFile; fileRef = C4C6283B1AE09C6900290530 /* Politics2badge.png */; };
		C4C628561AE09C6900290530 /* Politics3badge.png in Resources */ = {isa = PBXBuildFile; fileRef = C4C6283C1AE09C6900290530 /* Politics3badge.png */; };
		C4C628571AE09C6900290530 /* Politics4badge.png in Resources */ = {isa = PBXBuildFile; fileRef = C4C6283D1AE09C6900290530 /* Politics4badge.png */; };
		C4C628581AE09C6900290530 /* Politics5badge.png in Resources */ = {isa = PBXBuildFile; fileRef = C4C6283E1AE09C6900290530 /* Politics5badge.png */; };
		C4C628591AE09C6900290530 /* Science1badge.png in Resources */ = {isa = PBXBuildFile; fileRef = C4C6283F1AE09C6900290530 /* Science1badge.png */; };
		C4C6285A1AE09C6900290530 /* Science2badge.png in Resources */ = {isa = PBXBuildFile; fileRef = C4C628401AE09C6900290530 /* Science2badge.png */; };
		C4C6285B1AE09C6900290530 /* Science3badge.png in Resources */ = {isa = PBXBuildFile; fileRef = C4C628411AE09C6900290530 /* Science3badge.png */; };
		C4C6285C1AE09C6900290530 /* Science4badge.png in Resources */ = {isa = PBXBuildFile; fileRef = C4C628421AE09C6900290530 /* Science4badge.png */; };
		C4C6285D1AE09C6900290530 /* Science5badge.png in Resources */ = {isa = PBXBuildFile; fileRef = C4C628431AE09C6900290530 /* Science5badge.png */; };
		C4C6285E1AE09C6900290530 /* Sports1badge.png in Resources */ = {isa = PBXBuildFile; fileRef = C4C628441AE09C6900290530 /* Sports1badge.png */; };
		C4C6285F1AE09C6900290530 /* Sports2badge.png in Resources */ = {isa = PBXBuildFile; fileRef = C4C628451AE09C6900290530 /* Sports2badge.png */; };
		C4C628601AE09C6900290530 /* Sports3badge.png in Resources */ = {isa = PBXBuildFile; fileRef = C4C628461AE09C6900290530 /* Sports3badge.png */; };
		C4C628611AE09C6900290530 /* Sports4badge.png in Resources */ = {isa = PBXBuildFile; fileRef = C4C628471AE09C6900290530 /* Sports4badge.png */; };
		C4C628621AE09C6900290530 /* Sports5badge.png in Resources */ = {isa = PBXBuildFile; fileRef = C4C628481AE09C6900290530 /* Sports5badge.png */; };
		C4C628631AE09C6900290530 /* Unearnedbadge.png in Resources */ = {isa = PBXBuildFile; fileRef = C4C628491AE09C6900290530 /* Unearnedbadge.png */; };
/* End PBXBuildFile section */

/* Begin PBXContainerItemProxy section */
		1FA856081AD73F5400A2A2A7 /* PBXContainerItemProxy */ = {
			isa = PBXContainerItemProxy;
			containerPortal = 1FA855EA1AD73F5400A2A2A7 /* Project object */;
			proxyType = 1;
			remoteGlobalIDString = 1FA855F11AD73F5400A2A2A7;
			remoteInfo = PressBadge;
		};
/* End PBXContainerItemProxy section */

/* Begin PBXFileReference section */
		1F06BA321AE6C2AB00EFE1EA /* Default-568h@2x.png */ = {isa = PBXFileReference; lastKnownFileType = image.png; path = "Default-568h@2x.png"; sourceTree = "<group>"; };
		1F2E56B11ADC958000C11B19 /* NewsStories.swift */ = {isa = PBXFileReference; fileEncoding = 4; lastKnownFileType = sourcecode.swift; path = NewsStories.swift; sourceTree = "<group>"; };
		1F2E56B31ADC966600C11B19 /* Story.swift */ = {isa = PBXFileReference; fileEncoding = 4; lastKnownFileType = sourcecode.swift; path = Story.swift; sourceTree = "<group>"; };
		1FA855F21AD73F5400A2A2A7 /* PressBadge.app */ = {isa = PBXFileReference; explicitFileType = wrapper.application; includeInIndex = 0; path = PressBadge.app; sourceTree = BUILT_PRODUCTS_DIR; };
		1FA855F71AD73F5400A2A2A7 /* AppDelegate.swift */ = {isa = PBXFileReference; lastKnownFileType = sourcecode.swift; path = AppDelegate.swift; sourceTree = "<group>"; };
		1FA855FC1AD73F5400A2A2A7 /* Base */ = {isa = PBXFileReference; lastKnownFileType = file.storyboard; name = Base; path = Base.lproj/Main.storyboard; sourceTree = "<group>"; };
		1FA855FE1AD73F5400A2A2A7 /* Images.xcassets */ = {isa = PBXFileReference; lastKnownFileType = folder.assetcatalog; path = Images.xcassets; sourceTree = "<group>"; };
		1FA856011AD73F5400A2A2A7 /* Base */ = {isa = PBXFileReference; lastKnownFileType = file.xib; name = Base; path = Base.lproj/LaunchScreen.xib; sourceTree = "<group>"; };
		1FA856071AD73F5400A2A2A7 /* PressBadgeTests.xctest */ = {isa = PBXFileReference; explicitFileType = wrapper.cfbundle; includeInIndex = 0; path = PressBadgeTests.xctest; sourceTree = BUILT_PRODUCTS_DIR; };
		1FA8560C1AD73F5400A2A2A7 /* Info.plist */ = {isa = PBXFileReference; lastKnownFileType = text.plist.xml; path = Info.plist; sourceTree = "<group>"; };
		1FA8560D1AD73F5400A2A2A7 /* PressBadgeTests.swift */ = {isa = PBXFileReference; lastKnownFileType = sourcecode.swift; path = PressBadgeTests.swift; sourceTree = "<group>"; };
		1FA856171AD7464500A2A2A7 /* StatusViewController.swift */ = {isa = PBXFileReference; fileEncoding = 4; lastKnownFileType = sourcecode.swift; path = StatusViewController.swift; sourceTree = "<group>"; };
		1FA856191AD7468A00A2A2A7 /* ArticleViewController.swift */ = {isa = PBXFileReference; fileEncoding = 4; lastKnownFileType = sourcecode.swift; path = ArticleViewController.swift; sourceTree = "<group>"; };
		1FA8561B1AD746DA00A2A2A7 /* BadgeViewController.swift */ = {isa = PBXFileReference; fileEncoding = 4; lastKnownFileType = sourcecode.swift; path = BadgeViewController.swift; sourceTree = "<group>"; };
		1FA8561D1AD746E600A2A2A7 /* StoryViewController.swift */ = {isa = PBXFileReference; fileEncoding = 4; lastKnownFileType = sourcecode.swift; path = StoryViewController.swift; sourceTree = "<group>"; };
		53BA31A71ADC86FE004BF0CB /* database.swift */ = {isa = PBXFileReference; fileEncoding = 4; lastKnownFileType = sourcecode.swift; path = database.swift; sourceTree = "<group>"; };
		C4C6282E1AE0980700290530 /* Default-568h@2x.png */ = {isa = PBXFileReference; lastKnownFileType = image.png; path = "Default-568h@2x.png"; sourceTree = "<group>"; };
		C4C628301AE09C6900290530 /* Life1badge.png */ = {isa = PBXFileReference; lastKnownFileType = image.png; name = Life1badge.png; path = "../../../Library/Containers/com.apple.mail/Data/Library/Mail Downloads/287BA51F-30E3-4E18-AECC-804FE76C02DA/PNGBadges 2/Life1badge.png"; sourceTree = "<group>"; };
		C4C628311AE09C6900290530 /* Life2badge.png */ = {isa = PBXFileReference; lastKnownFileType = image.png; name = Life2badge.png; path = "../../../Library/Containers/com.apple.mail/Data/Library/Mail Downloads/287BA51F-30E3-4E18-AECC-804FE76C02DA/PNGBadges 2/Life2badge.png"; sourceTree = "<group>"; };
		C4C628321AE09C6900290530 /* Life3badge.png */ = {isa = PBXFileReference; lastKnownFileType = image.png; name = Life3badge.png; path = "../../../Library/Containers/com.apple.mail/Data/Library/Mail Downloads/287BA51F-30E3-4E18-AECC-804FE76C02DA/PNGBadges 2/Life3badge.png"; sourceTree = "<group>"; };
		C4C628331AE09C6900290530 /* Life4badge.png */ = {isa = PBXFileReference; lastKnownFileType = image.png; name = Life4badge.png; path = "../../../Library/Containers/com.apple.mail/Data/Library/Mail Downloads/287BA51F-30E3-4E18-AECC-804FE76C02DA/PNGBadges 2/Life4badge.png"; sourceTree = "<group>"; };
		C4C628341AE09C6900290530 /* Life5badge.png */ = {isa = PBXFileReference; lastKnownFileType = image.png; name = Life5badge.png; path = "../../../Library/Containers/com.apple.mail/Data/Library/Mail Downloads/287BA51F-30E3-4E18-AECC-804FE76C02DA/PNGBadges 2/Life5badge.png"; sourceTree = "<group>"; };
		C4C628351AE09C6900290530 /* Local1badge.png */ = {isa = PBXFileReference; lastKnownFileType = image.png; name = Local1badge.png; path = "../../../Library/Containers/com.apple.mail/Data/Library/Mail Downloads/287BA51F-30E3-4E18-AECC-804FE76C02DA/PNGBadges 2/Local1badge.png"; sourceTree = "<group>"; };
		C4C628361AE09C6900290530 /* Local2badge.png */ = {isa = PBXFileReference; lastKnownFileType = image.png; name = Local2badge.png; path = "../../../Library/Containers/com.apple.mail/Data/Library/Mail Downloads/287BA51F-30E3-4E18-AECC-804FE76C02DA/PNGBadges 2/Local2badge.png"; sourceTree = "<group>"; };
		C4C628371AE09C6900290530 /* Local3badge.png */ = {isa = PBXFileReference; lastKnownFileType = image.png; name = Local3badge.png; path = "../../../Library/Containers/com.apple.mail/Data/Library/Mail Downloads/287BA51F-30E3-4E18-AECC-804FE76C02DA/PNGBadges 2/Local3badge.png"; sourceTree = "<group>"; };
		C4C628381AE09C6900290530 /* Local4badge.png */ = {isa = PBXFileReference; lastKnownFileType = image.png; name = Local4badge.png; path = "../../../Library/Containers/com.apple.mail/Data/Library/Mail Downloads/287BA51F-30E3-4E18-AECC-804FE76C02DA/PNGBadges 2/Local4badge.png"; sourceTree = "<group>"; };
		C4C628391AE09C6900290530 /* Local5badge.png */ = {isa = PBXFileReference; lastKnownFileType = image.png; name = Local5badge.png; path = "../../../Library/Containers/com.apple.mail/Data/Library/Mail Downloads/287BA51F-30E3-4E18-AECC-804FE76C02DA/PNGBadges 2/Local5badge.png"; sourceTree = "<group>"; };
		C4C6283A1AE09C6900290530 /* Politics1badge.png */ = {isa = PBXFileReference; lastKnownFileType = image.png; name = Politics1badge.png; path = "../../../Library/Containers/com.apple.mail/Data/Library/Mail Downloads/287BA51F-30E3-4E18-AECC-804FE76C02DA/PNGBadges 2/Politics1badge.png"; sourceTree = "<group>"; };
		C4C6283B1AE09C6900290530 /* Politics2badge.png */ = {isa = PBXFileReference; lastKnownFileType = image.png; name = Politics2badge.png; path = "../../../Library/Containers/com.apple.mail/Data/Library/Mail Downloads/287BA51F-30E3-4E18-AECC-804FE76C02DA/PNGBadges 2/Politics2badge.png"; sourceTree = "<group>"; };
		C4C6283C1AE09C6900290530 /* Politics3badge.png */ = {isa = PBXFileReference; lastKnownFileType = image.png; name = Politics3badge.png; path = "../../../Library/Containers/com.apple.mail/Data/Library/Mail Downloads/287BA51F-30E3-4E18-AECC-804FE76C02DA/PNGBadges 2/Politics3badge.png"; sourceTree = "<group>"; };
		C4C6283D1AE09C6900290530 /* Politics4badge.png */ = {isa = PBXFileReference; lastKnownFileType = image.png; name = Politics4badge.png; path = "../../../Library/Containers/com.apple.mail/Data/Library/Mail Downloads/287BA51F-30E3-4E18-AECC-804FE76C02DA/PNGBadges 2/Politics4badge.png"; sourceTree = "<group>"; };
		C4C6283E1AE09C6900290530 /* Politics5badge.png */ = {isa = PBXFileReference; lastKnownFileType = image.png; name = Politics5badge.png; path = "../../../Library/Containers/com.apple.mail/Data/Library/Mail Downloads/287BA51F-30E3-4E18-AECC-804FE76C02DA/PNGBadges 2/Politics5badge.png"; sourceTree = "<group>"; };
		C4C6283F1AE09C6900290530 /* Science1badge.png */ = {isa = PBXFileReference; lastKnownFileType = image.png; name = Science1badge.png; path = "../../../Library/Containers/com.apple.mail/Data/Library/Mail Downloads/287BA51F-30E3-4E18-AECC-804FE76C02DA/PNGBadges 2/Science1badge.png"; sourceTree = "<group>"; };
		C4C628401AE09C6900290530 /* Science2badge.png */ = {isa = PBXFileReference; lastKnownFileType = image.png; name = Science2badge.png; path = "../../../Library/Containers/com.apple.mail/Data/Library/Mail Downloads/287BA51F-30E3-4E18-AECC-804FE76C02DA/PNGBadges 2/Science2badge.png"; sourceTree = "<group>"; };
		C4C628411AE09C6900290530 /* Science3badge.png */ = {isa = PBXFileReference; lastKnownFileType = image.png; name = Science3badge.png; path = "../../../Library/Containers/com.apple.mail/Data/Library/Mail Downloads/287BA51F-30E3-4E18-AECC-804FE76C02DA/PNGBadges 2/Science3badge.png"; sourceTree = "<group>"; };
		C4C628421AE09C6900290530 /* Science4badge.png */ = {isa = PBXFileReference; lastKnownFileType = image.png; name = Science4badge.png; path = "../../../Library/Containers/com.apple.mail/Data/Library/Mail Downloads/287BA51F-30E3-4E18-AECC-804FE76C02DA/PNGBadges 2/Science4badge.png"; sourceTree = "<group>"; };
		C4C628431AE09C6900290530 /* Science5badge.png */ = {isa = PBXFileReference; lastKnownFileType = image.png; name = Science5badge.png; path = "../../../Library/Containers/com.apple.mail/Data/Library/Mail Downloads/287BA51F-30E3-4E18-AECC-804FE76C02DA/PNGBadges 2/Science5badge.png"; sourceTree = "<group>"; };
		C4C628441AE09C6900290530 /* Sports1badge.png */ = {isa = PBXFileReference; lastKnownFileType = image.png; name = Sports1badge.png; path = "../../../Library/Containers/com.apple.mail/Data/Library/Mail Downloads/287BA51F-30E3-4E18-AECC-804FE76C02DA/PNGBadges 2/Sports1badge.png"; sourceTree = "<group>"; };
		C4C628451AE09C6900290530 /* Sports2badge.png */ = {isa = PBXFileReference; lastKnownFileType = image.png; name = Sports2badge.png; path = "../../../Library/Containers/com.apple.mail/Data/Library/Mail Downloads/287BA51F-30E3-4E18-AECC-804FE76C02DA/PNGBadges 2/Sports2badge.png"; sourceTree = "<group>"; };
		C4C628461AE09C6900290530 /* Sports3badge.png */ = {isa = PBXFileReference; lastKnownFileType = image.png; name = Sports3badge.png; path = "../../../Library/Containers/com.apple.mail/Data/Library/Mail Downloads/287BA51F-30E3-4E18-AECC-804FE76C02DA/PNGBadges 2/Sports3badge.png"; sourceTree = "<group>"; };
		C4C628471AE09C6900290530 /* Sports4badge.png */ = {isa = PBXFileReference; lastKnownFileType = image.png; name = Sports4badge.png; path = "../../../Library/Containers/com.apple.mail/Data/Library/Mail Downloads/287BA51F-30E3-4E18-AECC-804FE76C02DA/PNGBadges 2/Sports4badge.png"; sourceTree = "<group>"; };
		C4C628481AE09C6900290530 /* Sports5badge.png */ = {isa = PBXFileReference; lastKnownFileType = image.png; name = Sports5badge.png; path = "../../../Library/Containers/com.apple.mail/Data/Library/Mail Downloads/287BA51F-30E3-4E18-AECC-804FE76C02DA/PNGBadges 2/Sports5badge.png"; sourceTree = "<group>"; };
		C4C628491AE09C6900290530 /* Unearnedbadge.png */ = {isa = PBXFileReference; lastKnownFileType = image.png; name = Unearnedbadge.png; path = "../../../Library/Containers/com.apple.mail/Data/Library/Mail Downloads/287BA51F-30E3-4E18-AECC-804FE76C02DA/PNGBadges 2/Unearnedbadge.png"; sourceTree = "<group>"; };
/* End PBXFileReference section */

/* Begin PBXFrameworksBuildPhase section */
		1FA855EF1AD73F5400A2A2A7 /* Frameworks */ = {
			isa = PBXFrameworksBuildPhase;
			buildActionMask = 2147483647;
			files = (
			);
			runOnlyForDeploymentPostprocessing = 0;
		};
		1FA856041AD73F5400A2A2A7 /* Frameworks */ = {
			isa = PBXFrameworksBuildPhase;
			buildActionMask = 2147483647;
			files = (
			);
			runOnlyForDeploymentPostprocessing = 0;
		};
/* End PBXFrameworksBuildPhase section */

/* Begin PBXGroup section */
		1FA855E91AD73F5400A2A2A7 = {
			isa = PBXGroup;
			children = (

				C4C6282E1AE0980700290530 /* Default-568h@2x.png */,

				1FA855F41AD73F5400A2A2A7 /* PressBadge */,
				1FA8560A1AD73F5400A2A2A7 /* PressBadgeTests */,
				1FA855F31AD73F5400A2A2A7 /* Products */,
			);
			sourceTree = "<group>";
		};
		1FA855F31AD73F5400A2A2A7 /* Products */ = {
			isa = PBXGroup;
			children = (
				1FA855F21AD73F5400A2A2A7 /* PressBadge.app */,
				1FA856071AD73F5400A2A2A7 /* PressBadgeTests.xctest */,
			);
			name = Products;
			sourceTree = "<group>";
		};
		1FA855F41AD73F5400A2A2A7 /* PressBadge */ = {
			isa = PBXGroup;
			children = (
				C4C628311AE09C6900290530 /* Life2badge.png */,
				C4C628321AE09C6900290530 /* Life3badge.png */,
				C4C628331AE09C6900290530 /* Life4badge.png */,
				C4C628301AE09C6900290530 /* Life1badge.png */,
				C4C628341AE09C6900290530 /* Life5badge.png */,
				C4C628351AE09C6900290530 /* Local1badge.png */,
				C4C628361AE09C6900290530 /* Local2badge.png */,
				C4C628371AE09C6900290530 /* Local3badge.png */,
				C4C628381AE09C6900290530 /* Local4badge.png */,
				C4C628391AE09C6900290530 /* Local5badge.png */,
				C4C6283A1AE09C6900290530 /* Politics1badge.png */,
				C4C6283B1AE09C6900290530 /* Politics2badge.png */,
				C4C6283C1AE09C6900290530 /* Politics3badge.png */,
				C4C6283D1AE09C6900290530 /* Politics4badge.png */,
				C4C6283E1AE09C6900290530 /* Politics5badge.png */,
				C4C6283F1AE09C6900290530 /* Science1badge.png */,
				C4C628401AE09C6900290530 /* Science2badge.png */,
				C4C628411AE09C6900290530 /* Science3badge.png */,
				C4C628421AE09C6900290530 /* Science4badge.png */,
				C4C628431AE09C6900290530 /* Science5badge.png */,
				C4C628441AE09C6900290530 /* Sports1badge.png */,
				C4C628451AE09C6900290530 /* Sports2badge.png */,
				C4C628461AE09C6900290530 /* Sports3badge.png */,
				C4C628471AE09C6900290530 /* Sports4badge.png */,
				C4C628481AE09C6900290530 /* Sports5badge.png */,
				C4C628491AE09C6900290530 /* Unearnedbadge.png */,
				1FA855F71AD73F5400A2A2A7 /* AppDelegate.swift */,
				1FA855FB1AD73F5400A2A2A7 /* Main.storyboard */,
				1FA855FE1AD73F5400A2A2A7 /* Images.xcassets */,
				1FA856001AD73F5400A2A2A7 /* LaunchScreen.xib */,
				1FA855F51AD73F5400A2A2A7 /* Supporting Files */,
				1FA856171AD7464500A2A2A7 /* StatusViewController.swift */,
				1FA856191AD7468A00A2A2A7 /* ArticleViewController.swift */,
				1FA8561B1AD746DA00A2A2A7 /* BadgeViewController.swift */,
				1FA8561D1AD746E600A2A2A7 /* StoryViewController.swift */,
				53BA31A71ADC86FE004BF0CB /* database.swift */,
				1F2E56B31ADC966600C11B19 /* Story.swift */,
				1F2E56B11ADC958000C11B19 /* NewsStories.swift */,
			);
			path = PressBadge;
			sourceTree = "<group>";
		};
		1FA855F51AD73F5400A2A2A7 /* Supporting Files */ = {
			isa = PBXGroup;
			children = (
			);
			name = "Supporting Files";
			sourceTree = "<group>";
		};
		1FA8560A1AD73F5400A2A2A7 /* PressBadgeTests */ = {
			isa = PBXGroup;
			children = (
				1FA8560D1AD73F5400A2A2A7 /* PressBadgeTests.swift */,
				1FA8560B1AD73F5400A2A2A7 /* Supporting Files */,
			);
			path = PressBadgeTests;
			sourceTree = "<group>";
		};
		1FA8560B1AD73F5400A2A2A7 /* Supporting Files */ = {
			isa = PBXGroup;
			children = (
				1FA8560C1AD73F5400A2A2A7 /* Info.plist */,
			);
			name = "Supporting Files";
			sourceTree = "<group>";
		};
/* End PBXGroup section */

/* Begin PBXNativeTarget section */
		1FA855F11AD73F5400A2A2A7 /* PressBadge */ = {
			isa = PBXNativeTarget;
			buildConfigurationList = 1FA856111AD73F5400A2A2A7 /* Build configuration list for PBXNativeTarget "PressBadge" */;
			buildPhases = (
				1FA855EE1AD73F5400A2A2A7 /* Sources */,
				1FA855EF1AD73F5400A2A2A7 /* Frameworks */,
				1FA855F01AD73F5400A2A2A7 /* Resources */,
			);
			buildRules = (
			);
			dependencies = (
			);
			name = PressBadge;
			productName = PressBadge;
			productReference = 1FA855F21AD73F5400A2A2A7 /* PressBadge.app */;
			productType = "com.apple.product-type.application";
		};
		1FA856061AD73F5400A2A2A7 /* PressBadgeTests */ = {
			isa = PBXNativeTarget;
			buildConfigurationList = 1FA856141AD73F5400A2A2A7 /* Build configuration list for PBXNativeTarget "PressBadgeTests" */;
			buildPhases = (
				1FA856031AD73F5400A2A2A7 /* Sources */,
				1FA856041AD73F5400A2A2A7 /* Frameworks */,
				1FA856051AD73F5400A2A2A7 /* Resources */,
			);
			buildRules = (
			);
			dependencies = (
				1FA856091AD73F5400A2A2A7 /* PBXTargetDependency */,
			);
			name = PressBadgeTests;
			productName = PressBadgeTests;
			productReference = 1FA856071AD73F5400A2A2A7 /* PressBadgeTests.xctest */;
			productType = "com.apple.product-type.bundle.unit-test";
		};
/* End PBXNativeTarget section */

/* Begin PBXProject section */
		1FA855EA1AD73F5400A2A2A7 /* Project object */ = {
			isa = PBXProject;
			attributes = {
				LastUpgradeCheck = 0620;
				ORGANIZATIONNAME = "Travis Henrichs";
				TargetAttributes = {
					1FA855F11AD73F5400A2A2A7 = {
						CreatedOnToolsVersion = 6.2;
						DevelopmentTeam = 4FNJNUQ3AD;
					};
					1FA856061AD73F5400A2A2A7 = {
						CreatedOnToolsVersion = 6.2;
						TestTargetID = 1FA855F11AD73F5400A2A2A7;
					};
				};
			};
			buildConfigurationList = 1FA855ED1AD73F5400A2A2A7 /* Build configuration list for PBXProject "PressBadge" */;
			compatibilityVersion = "Xcode 3.2";
			developmentRegion = English;
			hasScannedForEncodings = 0;
			knownRegions = (
				en,
				Base,
			);
			mainGroup = 1FA855E91AD73F5400A2A2A7;
			productRefGroup = 1FA855F31AD73F5400A2A2A7 /* Products */;
			projectDirPath = "";
			projectRoot = "";
			targets = (
				1FA855F11AD73F5400A2A2A7 /* PressBadge */,
				1FA856061AD73F5400A2A2A7 /* PressBadgeTests */,
			);
		};
/* End PBXProject section */

/* Begin PBXResourcesBuildPhase section */
		1FA855F01AD73F5400A2A2A7 /* Resources */ = {
			isa = PBXResourcesBuildPhase;
			buildActionMask = 2147483647;
			files = (
				C4C6284D1AE09C6900290530 /* Life4badge.png in Resources */,
				C4C628551AE09C6900290530 /* Politics2badge.png in Resources */,
				C4C628531AE09C6900290530 /* Local5badge.png in Resources */,
				C4C628541AE09C6900290530 /* Politics1badge.png in Resources */,
				C4C628601AE09C6900290530 /* Sports3badge.png in Resources */,
				C4C6284F1AE09C6900290530 /* Local1badge.png in Resources */,
				C4C6284A1AE09C6900290530 /* Life1badge.png in Resources */,
				C4C628581AE09C6900290530 /* Politics5badge.png in Resources */,
				C4C628511AE09C6900290530 /* Local3badge.png in Resources */,
				1FA855FD1AD73F5400A2A2A7 /* Main.storyboard in Resources */,
				C4C628561AE09C6900290530 /* Politics3badge.png in Resources */,
				C4C6285B1AE09C6900290530 /* Science3badge.png in Resources */,
				C4C6285F1AE09C6900290530 /* Sports2badge.png in Resources */,
				C4C628631AE09C6900290530 /* Unearnedbadge.png in Resources */,
				C4C628591AE09C6900290530 /* Science1badge.png in Resources */,
				C4C628521AE09C6900290530 /* Local4badge.png in Resources */,
				C4C6285E1AE09C6900290530 /* Sports1badge.png in Resources */,
				1FA856021AD73F5400A2A2A7 /* LaunchScreen.xib in Resources */,
<<<<<<< HEAD
				1F06BA331AE6C2AB00EFE1EA /* Default-568h@2x.png in Resources */,
				C4DC87251ADC95A00090DD75 /* images-1.png in Resources */,
				C4DC87261ADC95A00090DD75 /* science4.png in Resources */,
=======
				C4C628611AE09C6900290530 /* Sports4badge.png in Resources */,
				C4C6285C1AE09C6900290530 /* Science4badge.png in Resources */,
				C4C628571AE09C6900290530 /* Politics4badge.png in Resources */,
				C4C628621AE09C6900290530 /* Sports5badge.png in Resources */,
				C4C628501AE09C6900290530 /* Local2badge.png in Resources */,
				C4C6282F1AE0980700290530 /* Default-568h@2x.png in Resources */,
				C4C6284E1AE09C6900290530 /* Life5badge.png in Resources */,
				C4C6284B1AE09C6900290530 /* Life2badge.png in Resources */,
				C4C6284C1AE09C6900290530 /* Life3badge.png in Resources */,
				C4C6285A1AE09C6900290530 /* Science2badge.png in Resources */,
				C4C6285D1AE09C6900290530 /* Science5badge.png in Resources */,
>>>>>>> origin/UIBadgeViewLogic
				1FA855FF1AD73F5400A2A2A7 /* Images.xcassets in Resources */,
			);
			runOnlyForDeploymentPostprocessing = 0;
		};
		1FA856051AD73F5400A2A2A7 /* Resources */ = {
			isa = PBXResourcesBuildPhase;
			buildActionMask = 2147483647;
			files = (
			);
			runOnlyForDeploymentPostprocessing = 0;
		};
/* End PBXResourcesBuildPhase section */

/* Begin PBXSourcesBuildPhase section */
		1FA855EE1AD73F5400A2A2A7 /* Sources */ = {
			isa = PBXSourcesBuildPhase;
			buildActionMask = 2147483647;
			files = (
				1FA8561E1AD746E600A2A2A7 /* StoryViewController.swift in Sources */,
				1FA856181AD7464500A2A2A7 /* StatusViewController.swift in Sources */,
				1F2E56B21ADC958000C11B19 /* NewsStories.swift in Sources */,
				53BA31A81ADC86FE004BF0CB /* database.swift in Sources */,
				1FA8561A1AD7468A00A2A2A7 /* ArticleViewController.swift in Sources */,
				1FA8561C1AD746DA00A2A2A7 /* BadgeViewController.swift in Sources */,
				1FA855F81AD73F5400A2A2A7 /* AppDelegate.swift in Sources */,
				1F2E56B41ADC966600C11B19 /* Story.swift in Sources */,
			);
			runOnlyForDeploymentPostprocessing = 0;
		};
		1FA856031AD73F5400A2A2A7 /* Sources */ = {
			isa = PBXSourcesBuildPhase;
			buildActionMask = 2147483647;
			files = (
				1FA8560E1AD73F5400A2A2A7 /* PressBadgeTests.swift in Sources */,
			);
			runOnlyForDeploymentPostprocessing = 0;
		};
/* End PBXSourcesBuildPhase section */

/* Begin PBXTargetDependency section */
		1FA856091AD73F5400A2A2A7 /* PBXTargetDependency */ = {
			isa = PBXTargetDependency;
			target = 1FA855F11AD73F5400A2A2A7 /* PressBadge */;
			targetProxy = 1FA856081AD73F5400A2A2A7 /* PBXContainerItemProxy */;
		};
/* End PBXTargetDependency section */

/* Begin PBXVariantGroup section */
		1FA855FB1AD73F5400A2A2A7 /* Main.storyboard */ = {
			isa = PBXVariantGroup;
			children = (
				1FA855FC1AD73F5400A2A2A7 /* Base */,
			);
			name = Main.storyboard;
			sourceTree = "<group>";
		};
		1FA856001AD73F5400A2A2A7 /* LaunchScreen.xib */ = {
			isa = PBXVariantGroup;
			children = (
				1FA856011AD73F5400A2A2A7 /* Base */,
			);
			name = LaunchScreen.xib;
			sourceTree = "<group>";
		};
/* End PBXVariantGroup section */

/* Begin XCBuildConfiguration section */
		1FA8560F1AD73F5400A2A2A7 /* Debug */ = {
			isa = XCBuildConfiguration;
			buildSettings = {
				ALWAYS_SEARCH_USER_PATHS = NO;
				CLANG_CXX_LANGUAGE_STANDARD = "gnu++0x";
				CLANG_CXX_LIBRARY = "libc++";
				CLANG_ENABLE_MODULES = YES;
				CLANG_ENABLE_OBJC_ARC = YES;
				CLANG_WARN_BOOL_CONVERSION = YES;
				CLANG_WARN_CONSTANT_CONVERSION = YES;
				CLANG_WARN_DIRECT_OBJC_ISA_USAGE = YES_ERROR;
				CLANG_WARN_EMPTY_BODY = YES;
				CLANG_WARN_ENUM_CONVERSION = YES;
				CLANG_WARN_INT_CONVERSION = YES;
				CLANG_WARN_OBJC_ROOT_CLASS = YES_ERROR;
				CLANG_WARN_UNREACHABLE_CODE = YES;
				CLANG_WARN__DUPLICATE_METHOD_MATCH = YES;
				"CODE_SIGN_IDENTITY[sdk=iphoneos*]" = "iPhone Developer";
				COPY_PHASE_STRIP = NO;
				ENABLE_STRICT_OBJC_MSGSEND = YES;
				GCC_C_LANGUAGE_STANDARD = gnu99;
				GCC_DYNAMIC_NO_PIC = NO;
				GCC_OPTIMIZATION_LEVEL = 0;
				GCC_PREPROCESSOR_DEFINITIONS = (
					"DEBUG=1",
					"$(inherited)",
				);
				GCC_SYMBOLS_PRIVATE_EXTERN = NO;
				GCC_WARN_64_TO_32_BIT_CONVERSION = YES;
				GCC_WARN_ABOUT_RETURN_TYPE = YES_ERROR;
				GCC_WARN_UNDECLARED_SELECTOR = YES;
				GCC_WARN_UNINITIALIZED_AUTOS = YES_AGGRESSIVE;
				GCC_WARN_UNUSED_FUNCTION = YES;
				GCC_WARN_UNUSED_VARIABLE = YES;
				IPHONEOS_DEPLOYMENT_TARGET = 8.2;
				MTL_ENABLE_DEBUG_INFO = YES;
				ONLY_ACTIVE_ARCH = YES;
				SDKROOT = iphoneos;
				SWIFT_OPTIMIZATION_LEVEL = "-Onone";
				TARGETED_DEVICE_FAMILY = "1,2";
			};
			name = Debug;
		};
		1FA856101AD73F5400A2A2A7 /* Release */ = {
			isa = XCBuildConfiguration;
			buildSettings = {
				ALWAYS_SEARCH_USER_PATHS = NO;
				CLANG_CXX_LANGUAGE_STANDARD = "gnu++0x";
				CLANG_CXX_LIBRARY = "libc++";
				CLANG_ENABLE_MODULES = YES;
				CLANG_ENABLE_OBJC_ARC = YES;
				CLANG_WARN_BOOL_CONVERSION = YES;
				CLANG_WARN_CONSTANT_CONVERSION = YES;
				CLANG_WARN_DIRECT_OBJC_ISA_USAGE = YES_ERROR;
				CLANG_WARN_EMPTY_BODY = YES;
				CLANG_WARN_ENUM_CONVERSION = YES;
				CLANG_WARN_INT_CONVERSION = YES;
				CLANG_WARN_OBJC_ROOT_CLASS = YES_ERROR;
				CLANG_WARN_UNREACHABLE_CODE = YES;
				CLANG_WARN__DUPLICATE_METHOD_MATCH = YES;
				"CODE_SIGN_IDENTITY[sdk=iphoneos*]" = "iPhone Developer";
				COPY_PHASE_STRIP = NO;
				ENABLE_NS_ASSERTIONS = NO;
				ENABLE_STRICT_OBJC_MSGSEND = YES;
				GCC_C_LANGUAGE_STANDARD = gnu99;
				GCC_WARN_64_TO_32_BIT_CONVERSION = YES;
				GCC_WARN_ABOUT_RETURN_TYPE = YES_ERROR;
				GCC_WARN_UNDECLARED_SELECTOR = YES;
				GCC_WARN_UNINITIALIZED_AUTOS = YES_AGGRESSIVE;
				GCC_WARN_UNUSED_FUNCTION = YES;
				GCC_WARN_UNUSED_VARIABLE = YES;
				IPHONEOS_DEPLOYMENT_TARGET = 8.2;
				MTL_ENABLE_DEBUG_INFO = NO;
				SDKROOT = iphoneos;
				TARGETED_DEVICE_FAMILY = "1,2";
				VALIDATE_PRODUCT = YES;
			};
			name = Release;
		};
		1FA856121AD73F5400A2A2A7 /* Debug */ = {
			isa = XCBuildConfiguration;
			buildSettings = {
				ASSETCATALOG_COMPILER_APPICON_NAME = AppIcon;
				CODE_SIGN_IDENTITY = "iPhone Developer";
				"CODE_SIGN_IDENTITY[sdk=iphoneos*]" = "iPhone Developer";
				INFOPLIST_FILE = "$(SRCROOT)/PressBadgeTests/Info.plist";
				LD_RUNPATH_SEARCH_PATHS = "$(inherited) @executable_path/Frameworks";
				PRODUCT_NAME = "$(TARGET_NAME)";
				PROVISIONING_PROFILE = "";
			};
			name = Debug;
		};
		1FA856131AD73F5400A2A2A7 /* Release */ = {
			isa = XCBuildConfiguration;
			buildSettings = {
				ASSETCATALOG_COMPILER_APPICON_NAME = AppIcon;
				CODE_SIGN_IDENTITY = "iPhone Developer";
				"CODE_SIGN_IDENTITY[sdk=iphoneos*]" = "iPhone Developer";
				INFOPLIST_FILE = "$(SRCROOT)/PressBadgeTests/Info.plist";
				LD_RUNPATH_SEARCH_PATHS = "$(inherited) @executable_path/Frameworks";
				PRODUCT_NAME = "$(TARGET_NAME)";
				PROVISIONING_PROFILE = "";
			};
			name = Release;
		};
		1FA856151AD73F5400A2A2A7 /* Debug */ = {
			isa = XCBuildConfiguration;
			buildSettings = {
				BUNDLE_LOADER = "$(TEST_HOST)";
				FRAMEWORK_SEARCH_PATHS = (
					"$(SDKROOT)/Developer/Library/Frameworks",
					"$(inherited)",
				);
				GCC_PREPROCESSOR_DEFINITIONS = (
					"DEBUG=1",
					"$(inherited)",
				);
				INFOPLIST_FILE = PressBadgeTests/Info.plist;
				LD_RUNPATH_SEARCH_PATHS = "$(inherited) @executable_path/Frameworks @loader_path/Frameworks";
				PRODUCT_NAME = "$(TARGET_NAME)";
				TEST_HOST = "$(BUILT_PRODUCTS_DIR)/PressBadge.app/PressBadge";
			};
			name = Debug;
		};
		1FA856161AD73F5400A2A2A7 /* Release */ = {
			isa = XCBuildConfiguration;
			buildSettings = {
				BUNDLE_LOADER = "$(TEST_HOST)";
				FRAMEWORK_SEARCH_PATHS = (
					"$(SDKROOT)/Developer/Library/Frameworks",
					"$(inherited)",
				);
				INFOPLIST_FILE = PressBadgeTests/Info.plist;
				LD_RUNPATH_SEARCH_PATHS = "$(inherited) @executable_path/Frameworks @loader_path/Frameworks";
				PRODUCT_NAME = "$(TARGET_NAME)";
				TEST_HOST = "$(BUILT_PRODUCTS_DIR)/PressBadge.app/PressBadge";
			};
			name = Release;
		};
/* End XCBuildConfiguration section */

/* Begin XCConfigurationList section */
		1FA855ED1AD73F5400A2A2A7 /* Build configuration list for PBXProject "PressBadge" */ = {
			isa = XCConfigurationList;
			buildConfigurations = (
				1FA8560F1AD73F5400A2A2A7 /* Debug */,
				1FA856101AD73F5400A2A2A7 /* Release */,
			);
			defaultConfigurationIsVisible = 0;
			defaultConfigurationName = Release;
		};
		1FA856111AD73F5400A2A2A7 /* Build configuration list for PBXNativeTarget "PressBadge" */ = {
			isa = XCConfigurationList;
			buildConfigurations = (
				1FA856121AD73F5400A2A2A7 /* Debug */,
				1FA856131AD73F5400A2A2A7 /* Release */,
			);
			defaultConfigurationIsVisible = 0;
			defaultConfigurationName = Release;
		};
		1FA856141AD73F5400A2A2A7 /* Build configuration list for PBXNativeTarget "PressBadgeTests" */ = {
			isa = XCConfigurationList;
			buildConfigurations = (
				1FA856151AD73F5400A2A2A7 /* Debug */,
				1FA856161AD73F5400A2A2A7 /* Release */,
			);
			defaultConfigurationIsVisible = 0;
			defaultConfigurationName = Release;
		};
/* End XCConfigurationList section */
	};
	rootObject = 1FA855EA1AD73F5400A2A2A7 /* Project object */;
}
