// !$*UTF8*$!
{
	archiveVersion = 1;
	classes = {
	};
	objectVersion = 46;
	objects = {

/* Begin PBXBuildFile section */
		1F5D8BCB1AF30CCA009D4D1E /* ProgressBarViewController.swift in Sources */ = {isa = PBXBuildFile; fileRef = 1F5D8BCA1AF30CCA009D4D1E /* ProgressBarViewController.swift */; };
		1FCE1E3F1AF13DED004EA8B1 /* AppDelegate.swift in Sources */ = {isa = PBXBuildFile; fileRef = 1FCE1E3E1AF13DED004EA8B1 /* AppDelegate.swift */; };
		1FCE1E441AF13DED004EA8B1 /* Main.storyboard in Resources */ = {isa = PBXBuildFile; fileRef = 1FCE1E421AF13DED004EA8B1 /* Main.storyboard */; };
		1FCE1E461AF13DED004EA8B1 /* Images.xcassets in Resources */ = {isa = PBXBuildFile; fileRef = 1FCE1E451AF13DED004EA8B1 /* Images.xcassets */; };
		1FCE1E491AF13DED004EA8B1 /* LaunchScreen.xib in Resources */ = {isa = PBXBuildFile; fileRef = 1FCE1E471AF13DED004EA8B1 /* LaunchScreen.xib */; };
		1FCE1E551AF13DED004EA8B1 /* PressBadgeTests.swift in Sources */ = {isa = PBXBuildFile; fileRef = 1FCE1E541AF13DED004EA8B1 /* PressBadgeTests.swift */; };
		1FCE1E5F1AF13E10004EA8B1 /* ArticlesViewController.swift in Sources */ = {isa = PBXBuildFile; fileRef = 1FCE1E5E1AF13E10004EA8B1 /* ArticlesViewController.swift */; };
		1FCE1E611AF13E25004EA8B1 /* StoryViewController.swift in Sources */ = {isa = PBXBuildFile; fileRef = 1FCE1E601AF13E24004EA8B1 /* StoryViewController.swift */; };
		1FCE1E631AF13E57004EA8B1 /* Story.swift in Sources */ = {isa = PBXBuildFile; fileRef = 1FCE1E621AF13E57004EA8B1 /* Story.swift */; };
		1FCE1E651AF13E69004EA8B1 /* NewsStory.swift in Sources */ = {isa = PBXBuildFile; fileRef = 1FCE1E641AF13E69004EA8B1 /* NewsStory.swift */; };
		C4F1D2E81AF862D6008636B1 /* Life1badge.png in Resources */ = {isa = PBXBuildFile; fileRef = C4F1D2CE1AF862D6008636B1 /* Life1badge.png */; };
		C4F1D2E91AF862D6008636B1 /* Life2badge.png in Resources */ = {isa = PBXBuildFile; fileRef = C4F1D2CF1AF862D6008636B1 /* Life2badge.png */; };
		C4F1D2EA1AF862D6008636B1 /* Life3badge.png in Resources */ = {isa = PBXBuildFile; fileRef = C4F1D2D01AF862D6008636B1 /* Life3badge.png */; };
		C4F1D2EB1AF862D6008636B1 /* Life4badge.png in Resources */ = {isa = PBXBuildFile; fileRef = C4F1D2D11AF862D6008636B1 /* Life4badge.png */; };
		C4F1D2EC1AF862D6008636B1 /* Life5badge.png in Resources */ = {isa = PBXBuildFile; fileRef = C4F1D2D21AF862D6008636B1 /* Life5badge.png */; };
		C4F1D2ED1AF862D6008636B1 /* Local1badge.png in Resources */ = {isa = PBXBuildFile; fileRef = C4F1D2D31AF862D6008636B1 /* Local1badge.png */; };
		C4F1D2EE1AF862D6008636B1 /* Local2badge.png in Resources */ = {isa = PBXBuildFile; fileRef = C4F1D2D41AF862D6008636B1 /* Local2badge.png */; };
		C4F1D2EF1AF862D6008636B1 /* Local3badge.png in Resources */ = {isa = PBXBuildFile; fileRef = C4F1D2D51AF862D6008636B1 /* Local3badge.png */; };
		C4F1D2F01AF862D6008636B1 /* Local4badge.png in Resources */ = {isa = PBXBuildFile; fileRef = C4F1D2D61AF862D6008636B1 /* Local4badge.png */; };
		C4F1D2F11AF862D6008636B1 /* Local5badge.png in Resources */ = {isa = PBXBuildFile; fileRef = C4F1D2D71AF862D6008636B1 /* Local5badge.png */; };
		C4F1D2F21AF862D6008636B1 /* Politics1badge.png in Resources */ = {isa = PBXBuildFile; fileRef = C4F1D2D81AF862D6008636B1 /* Politics1badge.png */; };
		C4F1D2F31AF862D6008636B1 /* Politics2badge.png in Resources */ = {isa = PBXBuildFile; fileRef = C4F1D2D91AF862D6008636B1 /* Politics2badge.png */; };
		C4F1D2F41AF862D6008636B1 /* Politics3badge.png in Resources */ = {isa = PBXBuildFile; fileRef = C4F1D2DA1AF862D6008636B1 /* Politics3badge.png */; };
		C4F1D2F51AF862D6008636B1 /* Politics4badge.png in Resources */ = {isa = PBXBuildFile; fileRef = C4F1D2DB1AF862D6008636B1 /* Politics4badge.png */; };
		C4F1D2F61AF862D6008636B1 /* Politics5badge.png in Resources */ = {isa = PBXBuildFile; fileRef = C4F1D2DC1AF862D6008636B1 /* Politics5badge.png */; };
		C4F1D2F71AF862D6008636B1 /* Science1badge.png in Resources */ = {isa = PBXBuildFile; fileRef = C4F1D2DD1AF862D6008636B1 /* Science1badge.png */; };
		C4F1D2F81AF862D6008636B1 /* Science2badge.png in Resources */ = {isa = PBXBuildFile; fileRef = C4F1D2DE1AF862D6008636B1 /* Science2badge.png */; };
		C4F1D2F91AF862D6008636B1 /* Science3badge.png in Resources */ = {isa = PBXBuildFile; fileRef = C4F1D2DF1AF862D6008636B1 /* Science3badge.png */; };
		C4F1D2FA1AF862D6008636B1 /* Science4badge.png in Resources */ = {isa = PBXBuildFile; fileRef = C4F1D2E01AF862D6008636B1 /* Science4badge.png */; };
		C4F1D2FB1AF862D6008636B1 /* Science5badge.png in Resources */ = {isa = PBXBuildFile; fileRef = C4F1D2E11AF862D6008636B1 /* Science5badge.png */; };
		C4F1D2FC1AF862D6008636B1 /* Sports1badge.png in Resources */ = {isa = PBXBuildFile; fileRef = C4F1D2E21AF862D6008636B1 /* Sports1badge.png */; };
		C4F1D2FD1AF862D6008636B1 /* Sports2badge.png in Resources */ = {isa = PBXBuildFile; fileRef = C4F1D2E31AF862D6008636B1 /* Sports2badge.png */; };
		C4F1D2FE1AF862D6008636B1 /* Sports3badge.png in Resources */ = {isa = PBXBuildFile; fileRef = C4F1D2E41AF862D6008636B1 /* Sports3badge.png */; };
		C4F1D2FF1AF862D6008636B1 /* Sports4badge.png in Resources */ = {isa = PBXBuildFile; fileRef = C4F1D2E51AF862D6008636B1 /* Sports4badge.png */; };
		C4F1D3001AF862D6008636B1 /* Sports5badge.png in Resources */ = {isa = PBXBuildFile; fileRef = C4F1D2E61AF862D6008636B1 /* Sports5badge.png */; };
		C4F1D3011AF862D6008636B1 /* Unearnedbadge.png in Resources */ = {isa = PBXBuildFile; fileRef = C4F1D2E71AF862D6008636B1 /* Unearnedbadge.png */; };
		C4F1D3031AF8637B008636B1 /* EarnedViewController.swift in Sources */ = {isa = PBXBuildFile; fileRef = C4F1D3021AF8637B008636B1 /* EarnedViewController.swift */; };
/* End PBXBuildFile section */

/* Begin PBXContainerItemProxy section */
		1FCE1E4F1AF13DED004EA8B1 /* PBXContainerItemProxy */ = {
			isa = PBXContainerItemProxy;
			containerPortal = 1FCE1E311AF13DED004EA8B1 /* Project object */;
			proxyType = 1;
			remoteGlobalIDString = 1FCE1E381AF13DED004EA8B1;
			remoteInfo = PressBadge;
		};
/* End PBXContainerItemProxy section */

/* Begin PBXFileReference section */
		1F5D8BCA1AF30CCA009D4D1E /* ProgressBarViewController.swift */ = {isa = PBXFileReference; fileEncoding = 4; lastKnownFileType = sourcecode.swift; path = ProgressBarViewController.swift; sourceTree = "<group>"; };
		1FCE1E391AF13DED004EA8B1 /* PressBadge.app */ = {isa = PBXFileReference; explicitFileType = wrapper.application; includeInIndex = 0; path = PressBadge.app; sourceTree = BUILT_PRODUCTS_DIR; };
		1FCE1E3D1AF13DED004EA8B1 /* Info.plist */ = {isa = PBXFileReference; lastKnownFileType = text.plist.xml; path = Info.plist; sourceTree = "<group>"; };
		1FCE1E3E1AF13DED004EA8B1 /* AppDelegate.swift */ = {isa = PBXFileReference; lastKnownFileType = sourcecode.swift; path = AppDelegate.swift; sourceTree = "<group>"; };
		1FCE1E431AF13DED004EA8B1 /* Base */ = {isa = PBXFileReference; lastKnownFileType = file.storyboard; name = Base; path = Base.lproj/Main.storyboard; sourceTree = "<group>"; };
		1FCE1E451AF13DED004EA8B1 /* Images.xcassets */ = {isa = PBXFileReference; lastKnownFileType = folder.assetcatalog; path = Images.xcassets; sourceTree = "<group>"; };
		1FCE1E481AF13DED004EA8B1 /* Base */ = {isa = PBXFileReference; lastKnownFileType = file.xib; name = Base; path = Base.lproj/LaunchScreen.xib; sourceTree = "<group>"; };
		1FCE1E4E1AF13DED004EA8B1 /* PressBadgeTests.xctest */ = {isa = PBXFileReference; explicitFileType = wrapper.cfbundle; includeInIndex = 0; path = PressBadgeTests.xctest; sourceTree = BUILT_PRODUCTS_DIR; };
		1FCE1E531AF13DED004EA8B1 /* Info.plist */ = {isa = PBXFileReference; lastKnownFileType = text.plist.xml; path = Info.plist; sourceTree = "<group>"; };
		1FCE1E541AF13DED004EA8B1 /* PressBadgeTests.swift */ = {isa = PBXFileReference; lastKnownFileType = sourcecode.swift; path = PressBadgeTests.swift; sourceTree = "<group>"; };
		1FCE1E5E1AF13E10004EA8B1 /* ArticlesViewController.swift */ = {isa = PBXFileReference; fileEncoding = 4; lastKnownFileType = sourcecode.swift; path = ArticlesViewController.swift; sourceTree = "<group>"; };
		1FCE1E601AF13E24004EA8B1 /* StoryViewController.swift */ = {isa = PBXFileReference; fileEncoding = 4; lastKnownFileType = sourcecode.swift; path = StoryViewController.swift; sourceTree = "<group>"; };
		1FCE1E621AF13E57004EA8B1 /* Story.swift */ = {isa = PBXFileReference; fileEncoding = 4; lastKnownFileType = sourcecode.swift; name = Story.swift; path = ../Story.swift; sourceTree = "<group>"; };
		1FCE1E641AF13E69004EA8B1 /* NewsStory.swift */ = {isa = PBXFileReference; fileEncoding = 4; lastKnownFileType = sourcecode.swift; path = NewsStory.swift; sourceTree = "<group>"; };
		C4F1D2CE1AF862D6008636B1 /* Life1badge.png */ = {isa = PBXFileReference; lastKnownFileType = image.png; path = Life1badge.png; sourceTree = "<group>"; };
		C4F1D2CF1AF862D6008636B1 /* Life2badge.png */ = {isa = PBXFileReference; lastKnownFileType = image.png; path = Life2badge.png; sourceTree = "<group>"; };
		C4F1D2D01AF862D6008636B1 /* Life3badge.png */ = {isa = PBXFileReference; lastKnownFileType = image.png; path = Life3badge.png; sourceTree = "<group>"; };
		C4F1D2D11AF862D6008636B1 /* Life4badge.png */ = {isa = PBXFileReference; lastKnownFileType = image.png; path = Life4badge.png; sourceTree = "<group>"; };
		C4F1D2D21AF862D6008636B1 /* Life5badge.png */ = {isa = PBXFileReference; lastKnownFileType = image.png; path = Life5badge.png; sourceTree = "<group>"; };
		C4F1D2D31AF862D6008636B1 /* Local1badge.png */ = {isa = PBXFileReference; lastKnownFileType = image.png; path = Local1badge.png; sourceTree = "<group>"; };
		C4F1D2D41AF862D6008636B1 /* Local2badge.png */ = {isa = PBXFileReference; lastKnownFileType = image.png; path = Local2badge.png; sourceTree = "<group>"; };
		C4F1D2D51AF862D6008636B1 /* Local3badge.png */ = {isa = PBXFileReference; lastKnownFileType = image.png; path = Local3badge.png; sourceTree = "<group>"; };
		C4F1D2D61AF862D6008636B1 /* Local4badge.png */ = {isa = PBXFileReference; lastKnownFileType = image.png; path = Local4badge.png; sourceTree = "<group>"; };
		C4F1D2D71AF862D6008636B1 /* Local5badge.png */ = {isa = PBXFileReference; lastKnownFileType = image.png; path = Local5badge.png; sourceTree = "<group>"; };
		C4F1D2D81AF862D6008636B1 /* Politics1badge.png */ = {isa = PBXFileReference; lastKnownFileType = image.png; path = Politics1badge.png; sourceTree = "<group>"; };
		C4F1D2D91AF862D6008636B1 /* Politics2badge.png */ = {isa = PBXFileReference; lastKnownFileType = image.png; path = Politics2badge.png; sourceTree = "<group>"; };
		C4F1D2DA1AF862D6008636B1 /* Politics3badge.png */ = {isa = PBXFileReference; lastKnownFileType = image.png; path = Politics3badge.png; sourceTree = "<group>"; };
		C4F1D2DB1AF862D6008636B1 /* Politics4badge.png */ = {isa = PBXFileReference; lastKnownFileType = image.png; path = Politics4badge.png; sourceTree = "<group>"; };
		C4F1D2DC1AF862D6008636B1 /* Politics5badge.png */ = {isa = PBXFileReference; lastKnownFileType = image.png; path = Politics5badge.png; sourceTree = "<group>"; };
		C4F1D2DD1AF862D6008636B1 /* Science1badge.png */ = {isa = PBXFileReference; lastKnownFileType = image.png; path = Science1badge.png; sourceTree = "<group>"; };
		C4F1D2DE1AF862D6008636B1 /* Science2badge.png */ = {isa = PBXFileReference; lastKnownFileType = image.png; path = Science2badge.png; sourceTree = "<group>"; };
		C4F1D2DF1AF862D6008636B1 /* Science3badge.png */ = {isa = PBXFileReference; lastKnownFileType = image.png; path = Science3badge.png; sourceTree = "<group>"; };
		C4F1D2E01AF862D6008636B1 /* Science4badge.png */ = {isa = PBXFileReference; lastKnownFileType = image.png; path = Science4badge.png; sourceTree = "<group>"; };
		C4F1D2E11AF862D6008636B1 /* Science5badge.png */ = {isa = PBXFileReference; lastKnownFileType = image.png; path = Science5badge.png; sourceTree = "<group>"; };
		C4F1D2E21AF862D6008636B1 /* Sports1badge.png */ = {isa = PBXFileReference; lastKnownFileType = image.png; path = Sports1badge.png; sourceTree = "<group>"; };
		C4F1D2E31AF862D6008636B1 /* Sports2badge.png */ = {isa = PBXFileReference; lastKnownFileType = image.png; path = Sports2badge.png; sourceTree = "<group>"; };
		C4F1D2E41AF862D6008636B1 /* Sports3badge.png */ = {isa = PBXFileReference; lastKnownFileType = image.png; path = Sports3badge.png; sourceTree = "<group>"; };
		C4F1D2E51AF862D6008636B1 /* Sports4badge.png */ = {isa = PBXFileReference; lastKnownFileType = image.png; path = Sports4badge.png; sourceTree = "<group>"; };
		C4F1D2E61AF862D6008636B1 /* Sports5badge.png */ = {isa = PBXFileReference; lastKnownFileType = image.png; path = Sports5badge.png; sourceTree = "<group>"; };
		C4F1D2E71AF862D6008636B1 /* Unearnedbadge.png */ = {isa = PBXFileReference; lastKnownFileType = image.png; path = Unearnedbadge.png; sourceTree = "<group>"; };
		C4F1D3021AF8637B008636B1 /* EarnedViewController.swift */ = {isa = PBXFileReference; fileEncoding = 4; lastKnownFileType = sourcecode.swift; path = EarnedViewController.swift; sourceTree = "<group>"; };
/* End PBXFileReference section */

/* Begin PBXFrameworksBuildPhase section */
		1FCE1E361AF13DED004EA8B1 /* Frameworks */ = {
			isa = PBXFrameworksBuildPhase;
			buildActionMask = 2147483647;
			files = (
			);
			runOnlyForDeploymentPostprocessing = 0;
		};
		1FCE1E4B1AF13DED004EA8B1 /* Frameworks */ = {
			isa = PBXFrameworksBuildPhase;
			buildActionMask = 2147483647;
			files = (
			);
			runOnlyForDeploymentPostprocessing = 0;
		};
/* End PBXFrameworksBuildPhase section */

/* Begin PBXGroup section */
		1FCE1E301AF13DED004EA8B1 = {
			isa = PBXGroup;
			children = (
				1FCE1E3B1AF13DED004EA8B1 /* PressBadge */,
				1FCE1E511AF13DED004EA8B1 /* PressBadgeTests */,
				1FCE1E3A1AF13DED004EA8B1 /* Products */,
			);
			sourceTree = "<group>";
		};
		1FCE1E3A1AF13DED004EA8B1 /* Products */ = {
			isa = PBXGroup;
			children = (
				1FCE1E391AF13DED004EA8B1 /* PressBadge.app */,
				1FCE1E4E1AF13DED004EA8B1 /* PressBadgeTests.xctest */,
			);
			name = Products;
			sourceTree = "<group>";
		};
		1FCE1E3B1AF13DED004EA8B1 /* PressBadge */ = {
			isa = PBXGroup;
			children = (
				C4F1D2CD1AF862D6008636B1 /* PNGBadges */,
				1FCE1E3E1AF13DED004EA8B1 /* AppDelegate.swift */,
				1FCE1E421AF13DED004EA8B1 /* Main.storyboard */,
				1FCE1E451AF13DED004EA8B1 /* Images.xcassets */,
				1FCE1E471AF13DED004EA8B1 /* LaunchScreen.xib */,
				1FCE1E3C1AF13DED004EA8B1 /* Supporting Files */,
				1FCE1E5E1AF13E10004EA8B1 /* ArticlesViewController.swift */,
				1FCE1E601AF13E24004EA8B1 /* StoryViewController.swift */,
				1F5D8BCA1AF30CCA009D4D1E /* ProgressBarViewController.swift */,
				1FCE1E621AF13E57004EA8B1 /* Story.swift */,
				1FCE1E641AF13E69004EA8B1 /* NewsStory.swift */,
				C4F1D3021AF8637B008636B1 /* EarnedViewController.swift */,
			);
			path = PressBadge;
			sourceTree = "<group>";
		};
		1FCE1E3C1AF13DED004EA8B1 /* Supporting Files */ = {
			isa = PBXGroup;
			children = (
				1FCE1E3D1AF13DED004EA8B1 /* Info.plist */,
			);
			name = "Supporting Files";
			sourceTree = "<group>";
		};
		1FCE1E511AF13DED004EA8B1 /* PressBadgeTests */ = {
			isa = PBXGroup;
			children = (
				1FCE1E541AF13DED004EA8B1 /* PressBadgeTests.swift */,
				1FCE1E521AF13DED004EA8B1 /* Supporting Files */,
			);
			path = PressBadgeTests;
			sourceTree = "<group>";
		};
		1FCE1E521AF13DED004EA8B1 /* Supporting Files */ = {
			isa = PBXGroup;
			children = (
				1FCE1E531AF13DED004EA8B1 /* Info.plist */,
			);
			name = "Supporting Files";
			sourceTree = "<group>";
		};
		C4F1D2CD1AF862D6008636B1 /* PNGBadges */ = {
			isa = PBXGroup;
			children = (
				C4F1D2CE1AF862D6008636B1 /* Life1badge.png */,
				C4F1D2CF1AF862D6008636B1 /* Life2badge.png */,
				C4F1D2D01AF862D6008636B1 /* Life3badge.png */,
				C4F1D2D11AF862D6008636B1 /* Life4badge.png */,
				C4F1D2D21AF862D6008636B1 /* Life5badge.png */,
				C4F1D2D31AF862D6008636B1 /* Local1badge.png */,
				C4F1D2D41AF862D6008636B1 /* Local2badge.png */,
				C4F1D2D51AF862D6008636B1 /* Local3badge.png */,
				C4F1D2D61AF862D6008636B1 /* Local4badge.png */,
				C4F1D2D71AF862D6008636B1 /* Local5badge.png */,
				C4F1D2D81AF862D6008636B1 /* Politics1badge.png */,
				C4F1D2D91AF862D6008636B1 /* Politics2badge.png */,
				C4F1D2DA1AF862D6008636B1 /* Politics3badge.png */,
				C4F1D2DB1AF862D6008636B1 /* Politics4badge.png */,
				C4F1D2DC1AF862D6008636B1 /* Politics5badge.png */,
				C4F1D2DD1AF862D6008636B1 /* Science1badge.png */,
				C4F1D2DE1AF862D6008636B1 /* Science2badge.png */,
				C4F1D2DF1AF862D6008636B1 /* Science3badge.png */,
				C4F1D2E01AF862D6008636B1 /* Science4badge.png */,
				C4F1D2E11AF862D6008636B1 /* Science5badge.png */,
				C4F1D2E21AF862D6008636B1 /* Sports1badge.png */,
				C4F1D2E31AF862D6008636B1 /* Sports2badge.png */,
				C4F1D2E41AF862D6008636B1 /* Sports3badge.png */,
				C4F1D2E51AF862D6008636B1 /* Sports4badge.png */,
				C4F1D2E61AF862D6008636B1 /* Sports5badge.png */,
				C4F1D2E71AF862D6008636B1 /* Unearnedbadge.png */,
			);
			path = PNGBadges;
			sourceTree = "<group>";
		};
/* End PBXGroup section */

/* Begin PBXNativeTarget section */
		1FCE1E381AF13DED004EA8B1 /* PressBadge */ = {
			isa = PBXNativeTarget;
			buildConfigurationList = 1FCE1E581AF13DED004EA8B1 /* Build configuration list for PBXNativeTarget "PressBadge" */;
			buildPhases = (
				1FCE1E351AF13DED004EA8B1 /* Sources */,
				1FCE1E361AF13DED004EA8B1 /* Frameworks */,
				1FCE1E371AF13DED004EA8B1 /* Resources */,
			);
			buildRules = (
			);
			dependencies = (
			);
			name = PressBadge;
			productName = PressBadge;
			productReference = 1FCE1E391AF13DED004EA8B1 /* PressBadge.app */;
			productType = "com.apple.product-type.application";
		};
		1FCE1E4D1AF13DED004EA8B1 /* PressBadgeTests */ = {
			isa = PBXNativeTarget;
			buildConfigurationList = 1FCE1E5B1AF13DED004EA8B1 /* Build configuration list for PBXNativeTarget "PressBadgeTests" */;
			buildPhases = (
				1FCE1E4A1AF13DED004EA8B1 /* Sources */,
				1FCE1E4B1AF13DED004EA8B1 /* Frameworks */,
				1FCE1E4C1AF13DED004EA8B1 /* Resources */,
			);
			buildRules = (
			);
			dependencies = (
				1FCE1E501AF13DED004EA8B1 /* PBXTargetDependency */,
			);
			name = PressBadgeTests;
			productName = PressBadgeTests;
			productReference = 1FCE1E4E1AF13DED004EA8B1 /* PressBadgeTests.xctest */;
			productType = "com.apple.product-type.bundle.unit-test";
		};
/* End PBXNativeTarget section */

/* Begin PBXProject section */
		1FCE1E311AF13DED004EA8B1 /* Project object */ = {
			isa = PBXProject;
			attributes = {
				LastUpgradeCheck = 0630;
				ORGANIZATIONNAME = "Travis Henrichs";
				TargetAttributes = {
					1FCE1E381AF13DED004EA8B1 = {
						CreatedOnToolsVersion = 6.3;
					};
					1FCE1E4D1AF13DED004EA8B1 = {
						CreatedOnToolsVersion = 6.3;
						TestTargetID = 1FCE1E381AF13DED004EA8B1;
					};
				};
			};
			buildConfigurationList = 1FCE1E341AF13DED004EA8B1 /* Build configuration list for PBXProject "PressBadge" */;
			compatibilityVersion = "Xcode 3.2";
			developmentRegion = English;
			hasScannedForEncodings = 0;
			knownRegions = (
				en,
				Base,
			);
			mainGroup = 1FCE1E301AF13DED004EA8B1;
			productRefGroup = 1FCE1E3A1AF13DED004EA8B1 /* Products */;
			projectDirPath = "";
			projectRoot = "";
			targets = (
				1FCE1E381AF13DED004EA8B1 /* PressBadge */,
				1FCE1E4D1AF13DED004EA8B1 /* PressBadgeTests */,
			);
		};
/* End PBXProject section */

/* Begin PBXResourcesBuildPhase section */
		1FCE1E371AF13DED004EA8B1 /* Resources */ = {
			isa = PBXResourcesBuildPhase;
			buildActionMask = 2147483647;
			files = (
				C4F1D2F31AF862D6008636B1 /* Politics2badge.png in Resources */,
				C4F1D2EE1AF862D6008636B1 /* Local2badge.png in Resources */,
				C4F1D2F41AF862D6008636B1 /* Politics3badge.png in Resources */,
				1FCE1E441AF13DED004EA8B1 /* Main.storyboard in Resources */,
				C4F1D2EC1AF862D6008636B1 /* Life5badge.png in Resources */,
				C4F1D2E81AF862D6008636B1 /* Life1badge.png in Resources */,
				C4F1D2F61AF862D6008636B1 /* Politics5badge.png in Resources */,
				C4F1D2F21AF862D6008636B1 /* Politics1badge.png in Resources */,
				C4F1D2FE1AF862D6008636B1 /* Sports3badge.png in Resources */,
				C4F1D2F01AF862D6008636B1 /* Local4badge.png in Resources */,
				C4F1D3001AF862D6008636B1 /* Sports5badge.png in Resources */,
				C4F1D2FF1AF862D6008636B1 /* Sports4badge.png in Resources */,
				C4F1D2E91AF862D6008636B1 /* Life2badge.png in Resources */,
				C4F1D2EF1AF862D6008636B1 /* Local3badge.png in Resources */,
				C4F1D2F91AF862D6008636B1 /* Science3badge.png in Resources */,
				C4F1D2FD1AF862D6008636B1 /* Sports2badge.png in Resources */,
				C4F1D2EA1AF862D6008636B1 /* Life3badge.png in Resources */,
				C4F1D2FB1AF862D6008636B1 /* Science5badge.png in Resources */,
				1FCE1E491AF13DED004EA8B1 /* LaunchScreen.xib in Resources */,
				1FCE1E461AF13DED004EA8B1 /* Images.xcassets in Resources */,
				C4F1D2F71AF862D6008636B1 /* Science1badge.png in Resources */,
				C4F1D2F81AF862D6008636B1 /* Science2badge.png in Resources */,
				C4F1D3011AF862D6008636B1 /* Unearnedbadge.png in Resources */,
				C4F1D2FC1AF862D6008636B1 /* Sports1badge.png in Resources */,
				C4F1D2FA1AF862D6008636B1 /* Science4badge.png in Resources */,
				C4F1D2EB1AF862D6008636B1 /* Life4badge.png in Resources */,
				C4F1D2F51AF862D6008636B1 /* Politics4badge.png in Resources */,
				C4F1D2ED1AF862D6008636B1 /* Local1badge.png in Resources */,
				C4F1D2F11AF862D6008636B1 /* Local5badge.png in Resources */,
			);
			runOnlyForDeploymentPostprocessing = 0;
		};
		1FCE1E4C1AF13DED004EA8B1 /* Resources */ = {
			isa = PBXResourcesBuildPhase;
			buildActionMask = 2147483647;
			files = (
			);
			runOnlyForDeploymentPostprocessing = 0;
		};
/* End PBXResourcesBuildPhase section */

/* Begin PBXSourcesBuildPhase section */
		1FCE1E351AF13DED004EA8B1 /* Sources */ = {
			isa = PBXSourcesBuildPhase;
			buildActionMask = 2147483647;
			files = (
				1FCE1E611AF13E25004EA8B1 /* StoryViewController.swift in Sources */,
				1F5D8BCB1AF30CCA009D4D1E /* ProgressBarViewController.swift in Sources */,
				1FCE1E5F1AF13E10004EA8B1 /* ArticlesViewController.swift in Sources */,
				1FCE1E651AF13E69004EA8B1 /* NewsStory.swift in Sources */,
				1FCE1E3F1AF13DED004EA8B1 /* AppDelegate.swift in Sources */,
				1FCE1E631AF13E57004EA8B1 /* Story.swift in Sources */,
				C4F1D3031AF8637B008636B1 /* EarnedViewController.swift in Sources */,
			);
			runOnlyForDeploymentPostprocessing = 0;
		};
		1FCE1E4A1AF13DED004EA8B1 /* Sources */ = {
			isa = PBXSourcesBuildPhase;
			buildActionMask = 2147483647;
			files = (
				1FCE1E551AF13DED004EA8B1 /* PressBadgeTests.swift in Sources */,
			);
			runOnlyForDeploymentPostprocessing = 0;
		};
/* End PBXSourcesBuildPhase section */

/* Begin PBXTargetDependency section */
		1FCE1E501AF13DED004EA8B1 /* PBXTargetDependency */ = {
			isa = PBXTargetDependency;
			target = 1FCE1E381AF13DED004EA8B1 /* PressBadge */;
			targetProxy = 1FCE1E4F1AF13DED004EA8B1 /* PBXContainerItemProxy */;
		};
/* End PBXTargetDependency section */

/* Begin PBXVariantGroup section */
		1FCE1E421AF13DED004EA8B1 /* Main.storyboard */ = {
			isa = PBXVariantGroup;
			children = (
				1FCE1E431AF13DED004EA8B1 /* Base */,
			);
			name = Main.storyboard;
			sourceTree = "<group>";
		};
		1FCE1E471AF13DED004EA8B1 /* LaunchScreen.xib */ = {
			isa = PBXVariantGroup;
			children = (
				1FCE1E481AF13DED004EA8B1 /* Base */,
			);
			name = LaunchScreen.xib;
			sourceTree = "<group>";
		};
/* End PBXVariantGroup section */

/* Begin XCBuildConfiguration section */
		1FCE1E561AF13DED004EA8B1 /* Debug */ = {
			isa = XCBuildConfiguration;
			buildSettings = {
				ALWAYS_SEARCH_USER_PATHS = NO;
				CLANG_CXX_LANGUAGE_STANDARD = "gnu++0x";
				CLANG_CXX_LIBRARY = "libc++";
				CLANG_ENABLE_MODULES = YES;
				CLANG_ENABLE_OBJC_ARC = YES;
				CLANG_WARN_BOOL_CONVERSION = YES;
				CLANG_WARN_CONSTANT_CONVERSION = YES;
				CLANG_WARN_DIRECT_OBJC_ISA_USAGE = YES_ERROR;
				CLANG_WARN_EMPTY_BODY = YES;
				CLANG_WARN_ENUM_CONVERSION = YES;
				CLANG_WARN_INT_CONVERSION = YES;
				CLANG_WARN_OBJC_ROOT_CLASS = YES_ERROR;
				CLANG_WARN_UNREACHABLE_CODE = YES;
				CLANG_WARN__DUPLICATE_METHOD_MATCH = YES;
				"CODE_SIGN_IDENTITY[sdk=iphoneos*]" = "iPhone Developer";
				COPY_PHASE_STRIP = NO;
				DEBUG_INFORMATION_FORMAT = "dwarf-with-dsym";
				ENABLE_STRICT_OBJC_MSGSEND = YES;
				GCC_C_LANGUAGE_STANDARD = gnu99;
				GCC_DYNAMIC_NO_PIC = NO;
				GCC_NO_COMMON_BLOCKS = YES;
				GCC_OPTIMIZATION_LEVEL = 0;
				GCC_PREPROCESSOR_DEFINITIONS = (
					"DEBUG=1",
					"$(inherited)",
				);
				GCC_SYMBOLS_PRIVATE_EXTERN = NO;
				GCC_WARN_64_TO_32_BIT_CONVERSION = YES;
				GCC_WARN_ABOUT_RETURN_TYPE = YES_ERROR;
				GCC_WARN_UNDECLARED_SELECTOR = YES;
				GCC_WARN_UNINITIALIZED_AUTOS = YES_AGGRESSIVE;
				GCC_WARN_UNUSED_FUNCTION = YES;
				GCC_WARN_UNUSED_VARIABLE = YES;
				IPHONEOS_DEPLOYMENT_TARGET = 8.3;
				MTL_ENABLE_DEBUG_INFO = YES;
				ONLY_ACTIVE_ARCH = YES;
				SDKROOT = iphoneos;
				SWIFT_OPTIMIZATION_LEVEL = "-Onone";
				TARGETED_DEVICE_FAMILY = "1,2";
			};
			name = Debug;
		};
		1FCE1E571AF13DED004EA8B1 /* Release */ = {
			isa = XCBuildConfiguration;
			buildSettings = {
				ALWAYS_SEARCH_USER_PATHS = NO;
				CLANG_CXX_LANGUAGE_STANDARD = "gnu++0x";
				CLANG_CXX_LIBRARY = "libc++";
				CLANG_ENABLE_MODULES = YES;
				CLANG_ENABLE_OBJC_ARC = YES;
				CLANG_WARN_BOOL_CONVERSION = YES;
				CLANG_WARN_CONSTANT_CONVERSION = YES;
				CLANG_WARN_DIRECT_OBJC_ISA_USAGE = YES_ERROR;
				CLANG_WARN_EMPTY_BODY = YES;
				CLANG_WARN_ENUM_CONVERSION = YES;
				CLANG_WARN_INT_CONVERSION = YES;
				CLANG_WARN_OBJC_ROOT_CLASS = YES_ERROR;
				CLANG_WARN_UNREACHABLE_CODE = YES;
				CLANG_WARN__DUPLICATE_METHOD_MATCH = YES;
				"CODE_SIGN_IDENTITY[sdk=iphoneos*]" = "iPhone Developer";
				COPY_PHASE_STRIP = NO;
				DEBUG_INFORMATION_FORMAT = "dwarf-with-dsym";
				ENABLE_NS_ASSERTIONS = NO;
				ENABLE_STRICT_OBJC_MSGSEND = YES;
				GCC_C_LANGUAGE_STANDARD = gnu99;
				GCC_NO_COMMON_BLOCKS = YES;
				GCC_WARN_64_TO_32_BIT_CONVERSION = YES;
				GCC_WARN_ABOUT_RETURN_TYPE = YES_ERROR;
				GCC_WARN_UNDECLARED_SELECTOR = YES;
				GCC_WARN_UNINITIALIZED_AUTOS = YES_AGGRESSIVE;
				GCC_WARN_UNUSED_FUNCTION = YES;
				GCC_WARN_UNUSED_VARIABLE = YES;
				IPHONEOS_DEPLOYMENT_TARGET = 8.3;
				MTL_ENABLE_DEBUG_INFO = NO;
				SDKROOT = iphoneos;
				TARGETED_DEVICE_FAMILY = "1,2";
				VALIDATE_PRODUCT = YES;
			};
			name = Release;
		};
		1FCE1E591AF13DED004EA8B1 /* Debug */ = {
			isa = XCBuildConfiguration;
			buildSettings = {
				ASSETCATALOG_COMPILER_APPICON_NAME = AppIcon;
				INFOPLIST_FILE = PressBadge/Info.plist;
				LD_RUNPATH_SEARCH_PATHS = "$(inherited) @executable_path/Frameworks";
				PRODUCT_NAME = "$(TARGET_NAME)";
			};
			name = Debug;
		};
		1FCE1E5A1AF13DED004EA8B1 /* Release */ = {
			isa = XCBuildConfiguration;
			buildSettings = {
				ASSETCATALOG_COMPILER_APPICON_NAME = AppIcon;
				INFOPLIST_FILE = PressBadge/Info.plist;
				LD_RUNPATH_SEARCH_PATHS = "$(inherited) @executable_path/Frameworks";
				PRODUCT_NAME = "$(TARGET_NAME)";
			};
			name = Release;
		};
		1FCE1E5C1AF13DED004EA8B1 /* Debug */ = {
			isa = XCBuildConfiguration;
			buildSettings = {
				BUNDLE_LOADER = "$(TEST_HOST)";
				FRAMEWORK_SEARCH_PATHS = (
					"$(SDKROOT)/Developer/Library/Frameworks",
					"$(inherited)",
				);
				GCC_PREPROCESSOR_DEFINITIONS = (
					"DEBUG=1",
					"$(inherited)",
				);
				INFOPLIST_FILE = PressBadgeTests/Info.plist;
				LD_RUNPATH_SEARCH_PATHS = "$(inherited) @executable_path/Frameworks @loader_path/Frameworks";
				PRODUCT_NAME = "$(TARGET_NAME)";
				TEST_HOST = "$(BUILT_PRODUCTS_DIR)/PressBadge.app/PressBadge";
			};
			name = Debug;
		};
		1FCE1E5D1AF13DED004EA8B1 /* Release */ = {
			isa = XCBuildConfiguration;
			buildSettings = {
				BUNDLE_LOADER = "$(TEST_HOST)";
				FRAMEWORK_SEARCH_PATHS = (
					"$(SDKROOT)/Developer/Library/Frameworks",
					"$(inherited)",
				);
				INFOPLIST_FILE = PressBadgeTests/Info.plist;
				LD_RUNPATH_SEARCH_PATHS = "$(inherited) @executable_path/Frameworks @loader_path/Frameworks";
				PRODUCT_NAME = "$(TARGET_NAME)";
				TEST_HOST = "$(BUILT_PRODUCTS_DIR)/PressBadge.app/PressBadge";
			};
			name = Release;
		};
/* End XCBuildConfiguration section */

/* Begin XCConfigurationList section */
		1FCE1E341AF13DED004EA8B1 /* Build configuration list for PBXProject "PressBadge" */ = {
			isa = XCConfigurationList;
			buildConfigurations = (
				1FCE1E561AF13DED004EA8B1 /* Debug */,
				1FCE1E571AF13DED004EA8B1 /* Release */,
			);
			defaultConfigurationIsVisible = 0;
			defaultConfigurationName = Release;
		};
		1FCE1E581AF13DED004EA8B1 /* Build configuration list for PBXNativeTarget "PressBadge" */ = {
			isa = XCConfigurationList;
			buildConfigurations = (
				1FCE1E591AF13DED004EA8B1 /* Debug */,
				1FCE1E5A1AF13DED004EA8B1 /* Release */,
			);
			defaultConfigurationIsVisible = 0;
			defaultConfigurationName = Release;
		};
		1FCE1E5B1AF13DED004EA8B1 /* Build configuration list for PBXNativeTarget "PressBadgeTests" */ = {
			isa = XCConfigurationList;
			buildConfigurations = (
				1FCE1E5C1AF13DED004EA8B1 /* Debug */,
				1FCE1E5D1AF13DED004EA8B1 /* Release */,
			);
			defaultConfigurationIsVisible = 0;
			defaultConfigurationName = Release;
		};
/* End XCConfigurationList section */
	};
	rootObject = 1FCE1E311AF13DED004EA8B1 /* Project object */;
}
